// !$*UTF8*$!
{
	archiveVersion = 1;
	classes = {
	};
	objectVersion = 46;
	objects = {

/* Begin PBXBuildFile section */
		147C30CB9F7E657669964239 /* OpenGLES.framework in Frameworks */ = {isa = PBXBuildFile; fileRef = 5348F734C19FE61C38DF6A7D /* OpenGLES.framework */; };
		187A77761AB567B20D0E6328 /* BeautyEngine.swift in Sources */ = {isa = PBXBuildFile; fileRef = 8A96E44AC7D994288D7393ED /* BeautyEngine.swift */; };
		1AED4E48C023C44160F3D549 /* CoreML.framework in Frameworks */ = {isa = PBXBuildFile; fileRef = DAFFA191950F9E473E8272BB /* CoreML.framework */; };
		270D8C4B993852E198EBD8C6 /* StudioView.swift in Sources */ = {isa = PBXBuildFile; fileRef = B8D714E47F9AB818F9D36923 /* StudioView.swift */; };
		4E0859EBF83957A19E8DD6A9 /* QuartzCore.framework in Frameworks */ = {isa = PBXBuildFile; fileRef = EA5080520CAE629EAE9B93D2 /* QuartzCore.framework */; };
		510D08EBCE72AA6F97E3F232 /* background.jpg in Resources */ = {isa = PBXBuildFile; fileRef = 4BBAA688F30FB0B92F94FD15 /* background.jpg */; };
		516AE901EB906049C7889B5A /* FBDemoApp.swift in Sources */ = {isa = PBXBuildFile; fileRef = 0A8DC462E5F8E028F0A9595B /* FBDemoApp.swift */; };
		5806036ABB7A6B5FA28B38D4 /* CameraSession.swift in Sources */ = {isa = PBXBuildFile; fileRef = EAC596A63A04218C6F648A4C /* CameraSession.swift */; };
		5C891F50C688338A2A834E6C /* L10n.swift in Sources */ = {isa = PBXBuildFile; fileRef = 4078D286F71FAC535B3773DE /* L10n.swift */; };
		5D7DD9803C4742CC84614861 /* Accelerate.framework in Frameworks */ = {isa = PBXBuildFile; fileRef = 2885136DD713B1DD109E342C /* Accelerate.framework */; };
		600C3947DE4634D749E9BDBE /* UIKit.framework in Frameworks */ = {isa = PBXBuildFile; fileRef = C8C8DC27B1855AF48ECC1F48 /* UIKit.framework */; };
		7398CDA3241ACA965774759A /* StudioModel.swift in Sources */ = {isa = PBXBuildFile; fileRef = 7F2565B52D7BCD2DDD87579B /* StudioModel.swift */; };
		8C0EBA74EE7966606EB5D27F /* AVFoundation.framework in Frameworks */ = {isa = PBXBuildFile; fileRef = 2CB58B594CF78F4D9791151E /* AVFoundation.framework */; };
		8E1011FD30903BE09D460E75 /* BeautyCatalog.swift in Sources */ = {isa = PBXBuildFile; fileRef = 36E705950AFF53114DFE923D /* BeautyCatalog.swift */; };
		A869EC72D28757821F7C9A52 /* CoreVideo.framework in Frameworks */ = {isa = PBXBuildFile; fileRef = 61654C9F515F4CF323F507BD /* CoreVideo.framework */; };
		A9B631C7BA2839879C088CBB /* FacebetterConfig.plist in Resources */ = {isa = PBXBuildFile; fileRef = 912E8F17AD32C2F46B1848AC /* FacebetterConfig.plist */; };
		ADCC81A794E3BCDBEBBC488B /* Foundation.framework in Frameworks */ = {isa = PBXBuildFile; fileRef = DF3B9CC4489CD20F9B3A2BD7 /* Foundation.framework */; };
		B763B16798FB4D41F31B66F3 /* Metal.framework in Frameworks */ = {isa = PBXBuildFile; fileRef = 000986C1552106CCD84A3274 /* Metal.framework */; };
		C59543AD5B2EC9723676E6A3 /* BeautyPanel.swift in Sources */ = {isa = PBXBuildFile; fileRef = 561504B0719FB5E9F1E75284 /* BeautyPanel.swift */; };
		CD1974C0838B732C5AF01D49 /* Pods_FBDemo.framework in Frameworks */ = {isa = PBXBuildFile; fileRef = 1FD2EE6D51C86D8909AF016C /* Pods_FBDemo.framework */; };
		D11E2C554383A123DAAEA229 /* BeautyParams.swift in Sources */ = {isa = PBXBuildFile; fileRef = 9DCEE155A5CC79C21C5755F4 /* BeautyParams.swift */; };
		D42F1F7F648073DEE131B6F6 /* Assets.xcassets in Resources */ = {isa = PBXBuildFile; fileRef = ACFBD7783FDB26A9946BA94F /* Assets.xcassets */; };
		FC4BFAE8500BD0630EE3F5F8 /* CoreMedia.framework in Frameworks */ = {isa = PBXBuildFile; fileRef = BFAF98F82D987C1939196A66 /* CoreMedia.framework */; };
		FF8F43B0868FB935FAC2B9AD /* PreviewView.swift in Sources */ = {isa = PBXBuildFile; fileRef = B46B1123CC3B59593179E319 /* PreviewView.swift */; };
/* End PBXBuildFile section */

/* Begin PBXFileReference section */
		000986C1552106CCD84A3274 /* Metal.framework */ = {isa = PBXFileReference; lastKnownFileType = wrapper.framework; name = Metal.framework; path = Platforms/iPhoneOS.platform/Developer/SDKs/iPhoneOS18.0.sdk/System/Library/Frameworks/Metal.framework; sourceTree = DEVELOPER_DIR; };
		0A8DC462E5F8E028F0A9595B /* FBDemoApp.swift */ = {isa = PBXFileReference; includeInIndex = 1; lastKnownFileType = sourcecode.swift; path = FBDemoApp.swift; sourceTree = "<group>"; };
		0BEDD5FFFD6A3B821ADAE8E3 /* FBDemo.app */ = {isa = PBXFileReference; explicitFileType = wrapper.application; includeInIndex = 0; path = FBDemo.app; sourceTree = BUILT_PRODUCTS_DIR; };
		1FD2EE6D51C86D8909AF016C /* Pods_FBDemo.framework */ = {isa = PBXFileReference; explicitFileType = wrapper.framework; includeInIndex = 0; path = Pods_FBDemo.framework; sourceTree = BUILT_PRODUCTS_DIR; };
		2885136DD713B1DD109E342C /* Accelerate.framework */ = {isa = PBXFileReference; lastKnownFileType = wrapper.framework; name = Accelerate.framework; path = Platforms/iPhoneOS.platform/Developer/SDKs/iPhoneOS18.0.sdk/System/Library/Frameworks/Accelerate.framework; sourceTree = DEVELOPER_DIR; };
		2CB58B594CF78F4D9791151E /* AVFoundation.framework */ = {isa = PBXFileReference; lastKnownFileType = wrapper.framework; name = AVFoundation.framework; path = Platforms/iPhoneOS.platform/Developer/SDKs/iPhoneOS18.0.sdk/System/Library/Frameworks/AVFoundation.framework; sourceTree = DEVELOPER_DIR; };
		36E705950AFF53114DFE923D /* BeautyCatalog.swift */ = {isa = PBXFileReference; includeInIndex = 1; lastKnownFileType = sourcecode.swift; path = BeautyCatalog.swift; sourceTree = "<group>"; };
		4078D286F71FAC535B3773DE /* L10n.swift */ = {isa = PBXFileReference; includeInIndex = 1; lastKnownFileType = sourcecode.swift; path = L10n.swift; sourceTree = "<group>"; };
		4BBAA688F30FB0B92F94FD15 /* background.jpg */ = {isa = PBXFileReference; includeInIndex = 1; path = background.jpg; sourceTree = "<group>"; };
		5348F734C19FE61C38DF6A7D /* OpenGLES.framework */ = {isa = PBXFileReference; lastKnownFileType = wrapper.framework; name = OpenGLES.framework; path = Platforms/iPhoneOS.platform/Developer/SDKs/iPhoneOS18.0.sdk/System/Library/Frameworks/OpenGLES.framework; sourceTree = DEVELOPER_DIR; };
		561504B0719FB5E9F1E75284 /* BeautyPanel.swift */ = {isa = PBXFileReference; includeInIndex = 1; lastKnownFileType = sourcecode.swift; path = BeautyPanel.swift; sourceTree = "<group>"; };
		61654C9F515F4CF323F507BD /* CoreVideo.framework */ = {isa = PBXFileReference; lastKnownFileType = wrapper.framework; name = CoreVideo.framework; path = Platforms/iPhoneOS.platform/Developer/SDKs/iPhoneOS18.0.sdk/System/Library/Frameworks/CoreVideo.framework; sourceTree = DEVELOPER_DIR; };
		757FA2E9192B7EC2E224ED14 /* Pods-FBDemo.release.xcconfig */ = {isa = PBXFileReference; includeInIndex = 1; lastKnownFileType = text.xcconfig; name = "Pods-FBDemo.release.xcconfig"; path = "Target Support Files/Pods-FBDemo/Pods-FBDemo.release.xcconfig"; sourceTree = "<group>"; };
		7F2565B52D7BCD2DDD87579B /* StudioModel.swift */ = {isa = PBXFileReference; includeInIndex = 1; lastKnownFileType = sourcecode.swift; path = StudioModel.swift; sourceTree = "<group>"; };
		8A96E44AC7D994288D7393ED /* BeautyEngine.swift */ = {isa = PBXFileReference; includeInIndex = 1; lastKnownFileType = sourcecode.swift; path = BeautyEngine.swift; sourceTree = "<group>"; };
		8C48CD4E32DE450CB2E0A84D /* Info.plist */ = {isa = PBXFileReference; includeInIndex = 1; lastKnownFileType = text.plist.xml; path = Info.plist; sourceTree = "<group>"; };
		912E8F17AD32C2F46B1848AC /* FacebetterConfig.plist */ = {isa = PBXFileReference; includeInIndex = 1; lastKnownFileType = text.plist.xml; path = FacebetterConfig.plist; sourceTree = "<group>"; };
		9DCEE155A5CC79C21C5755F4 /* BeautyParams.swift */ = {isa = PBXFileReference; includeInIndex = 1; lastKnownFileType = sourcecode.swift; path = BeautyParams.swift; sourceTree = "<group>"; };
		ACFBD7783FDB26A9946BA94F /* Assets.xcassets */ = {isa = PBXFileReference; includeInIndex = 1; lastKnownFileType = folder.assetcatalog; path = Assets.xcassets; sourceTree = "<group>"; };
		B46B1123CC3B59593179E319 /* PreviewView.swift */ = {isa = PBXFileReference; includeInIndex = 1; lastKnownFileType = sourcecode.swift; path = PreviewView.swift; sourceTree = "<group>"; };
		B8D714E47F9AB818F9D36923 /* StudioView.swift */ = {isa = PBXFileReference; includeInIndex = 1; lastKnownFileType = sourcecode.swift; path = StudioView.swift; sourceTree = "<group>"; };
		BFAF98F82D987C1939196A66 /* CoreMedia.framework */ = {isa = PBXFileReference; lastKnownFileType = wrapper.framework; name = CoreMedia.framework; path = Platforms/iPhoneOS.platform/Developer/SDKs/iPhoneOS18.0.sdk/System/Library/Frameworks/CoreMedia.framework; sourceTree = DEVELOPER_DIR; };
		C8C8DC27B1855AF48ECC1F48 /* UIKit.framework */ = {isa = PBXFileReference; lastKnownFileType = wrapper.framework; name = UIKit.framework; path = Platforms/iPhoneOS.platform/Developer/SDKs/iPhoneOS18.0.sdk/System/Library/Frameworks/UIKit.framework; sourceTree = DEVELOPER_DIR; };
		D4B709BE65F8142236E5378D /* Pods-FBDemo.debug.xcconfig */ = {isa = PBXFileReference; includeInIndex = 1; lastKnownFileType = text.xcconfig; name = "Pods-FBDemo.debug.xcconfig"; path = "Target Support Files/Pods-FBDemo/Pods-FBDemo.debug.xcconfig"; sourceTree = "<group>"; };
		DAFFA191950F9E473E8272BB /* CoreML.framework */ = {isa = PBXFileReference; lastKnownFileType = wrapper.framework; name = CoreML.framework; path = Platforms/iPhoneOS.platform/Developer/SDKs/iPhoneOS18.0.sdk/System/Library/Frameworks/CoreML.framework; sourceTree = DEVELOPER_DIR; };
		DF3B9CC4489CD20F9B3A2BD7 /* Foundation.framework */ = {isa = PBXFileReference; lastKnownFileType = wrapper.framework; name = Foundation.framework; path = Platforms/iPhoneOS.platform/Developer/SDKs/iPhoneOS18.0.sdk/System/Library/Frameworks/Foundation.framework; sourceTree = DEVELOPER_DIR; };
		EA5080520CAE629EAE9B93D2 /* QuartzCore.framework */ = {isa = PBXFileReference; lastKnownFileType = wrapper.framework; name = QuartzCore.framework; path = Platforms/iPhoneOS.platform/Developer/SDKs/iPhoneOS18.0.sdk/System/Library/Frameworks/QuartzCore.framework; sourceTree = DEVELOPER_DIR; };
		EAC596A63A04218C6F648A4C /* CameraSession.swift */ = {isa = PBXFileReference; includeInIndex = 1; lastKnownFileType = sourcecode.swift; path = CameraSession.swift; sourceTree = "<group>"; };
		FB0C01EF6F0D7F9D888E86B4 /* FBDemo-Bridging-Header.h */ = {isa = PBXFileReference; includeInIndex = 1; lastKnownFileType = sourcecode.c.h; path = "FBDemo-Bridging-Header.h"; sourceTree = "<group>"; };
/* End PBXFileReference section */

/* Begin PBXFrameworksBuildPhase section */
		48CDD7FDB85F0F28B6C6E153 /* Frameworks */ = {
			isa = PBXFrameworksBuildPhase;
			buildActionMask = 2147483647;
			files = (
				ADCC81A794E3BCDBEBBC488B /* Foundation.framework in Frameworks */,
				8C0EBA74EE7966606EB5D27F /* AVFoundation.framework in Frameworks */,
				600C3947DE4634D749E9BDBE /* UIKit.framework in Frameworks */,
				FC4BFAE8500BD0630EE3F5F8 /* CoreMedia.framework in Frameworks */,
				A869EC72D28757821F7C9A52 /* CoreVideo.framework in Frameworks */,
				147C30CB9F7E657669964239 /* OpenGLES.framework in Frameworks */,
				4E0859EBF83957A19E8DD6A9 /* QuartzCore.framework in Frameworks */,
				B763B16798FB4D41F31B66F3 /* Metal.framework in Frameworks */,
				1AED4E48C023C44160F3D549 /* CoreML.framework in Frameworks */,
				5D7DD9803C4742CC84614861 /* Accelerate.framework in Frameworks */,
				CD1974C0838B732C5AF01D49 /* Pods_FBDemo.framework in Frameworks */,
			);
			runOnlyForDeploymentPostprocessing = 0;
		};
/* End PBXFrameworksBuildPhase section */

/* Begin PBXGroup section */
		0215220A965044ABB338B0E8 /* Camera */ = {
			isa = PBXGroup;
			children = (
				EAC596A63A04218C6F648A4C /* CameraSession.swift */,
			);
			name = Camera;
			path = Camera;
			sourceTree = "<group>";
		};
		0577CDE12EC0CC34A980BA12 /* App */ = {
			isa = PBXGroup;
			children = (
				4078D286F71FAC535B3773DE /* L10n.swift */,
			);
			name = App;
			path = App;
			sourceTree = "<group>";
		};
		09753CAD28E2454EB80EFF07 /* Frameworks */ = {
			isa = PBXGroup;
			children = (
				97AD8E839C4E477D19CE4FE3 /* iOS */,
				1FD2EE6D51C86D8909AF016C /* Pods_FBDemo.framework */,
			);
			name = Frameworks;
			sourceTree = "<group>";
		};
		55C2266368C888973D94C1FA /* Resources */ = {
			isa = PBXGroup;
			children = (
				912E8F17AD32C2F46B1848AC /* FacebetterConfig.plist */,
				4BBAA688F30FB0B92F94FD15 /* background.jpg */,
			);
			name = Resources;
			path = Resources;
			sourceTree = "<group>";
		};
		574A34FB0E901891D8111A74 /* Products */ = {
			isa = PBXGroup;
			children = (
				0BEDD5FFFD6A3B821ADAE8E3 /* FBDemo.app */,
			);
			name = Products;
			sourceTree = "<group>";
		};
		77B377AE0996A36F1BB09048 /* Studio */ = {
			isa = PBXGroup;
			children = (
				B46B1123CC3B59593179E319 /* PreviewView.swift */,
				7F2565B52D7BCD2DDD87579B /* StudioModel.swift */,
				B8D714E47F9AB818F9D36923 /* StudioView.swift */,
			);
			name = Studio;
			path = Studio;
			sourceTree = "<group>";
		};
		7CDB004956F432DB59293836 = {
			isa = PBXGroup;
			children = (
				574A34FB0E901891D8111A74 /* Products */,
				09753CAD28E2454EB80EFF07 /* Frameworks */,
				E26BCB1C10BD5E6CB5EB1D6E /* FBDemo */,
				97AD490E832090BA4AC42AA7 /* Pods */,
			);
			sourceTree = "<group>";
		};
		97AD490E832090BA4AC42AA7 /* Pods */ = {
			isa = PBXGroup;
			children = (
				757FA2E9192B7EC2E224ED14 /* Pods-FBDemo.release.xcconfig */,
				D4B709BE65F8142236E5378D /* Pods-FBDemo.debug.xcconfig */,
			);
			name = Pods;
			path = Pods;
			sourceTree = "<group>";
		};
		97AD8E839C4E477D19CE4FE3 /* iOS */ = {
			isa = PBXGroup;
			children = (
				DF3B9CC4489CD20F9B3A2BD7 /* Foundation.framework */,
				2CB58B594CF78F4D9791151E /* AVFoundation.framework */,
				C8C8DC27B1855AF48ECC1F48 /* UIKit.framework */,
				BFAF98F82D987C1939196A66 /* CoreMedia.framework */,
				61654C9F515F4CF323F507BD /* CoreVideo.framework */,
				5348F734C19FE61C38DF6A7D /* OpenGLES.framework */,
				EA5080520CAE629EAE9B93D2 /* QuartzCore.framework */,
				000986C1552106CCD84A3274 /* Metal.framework */,
				DAFFA191950F9E473E8272BB /* CoreML.framework */,
				2885136DD713B1DD109E342C /* Accelerate.framework */,
			);
			name = iOS;
			sourceTree = "<group>";
		};
		E26BCB1C10BD5E6CB5EB1D6E /* FBDemo */ = {
			isa = PBXGroup;
			children = (
				0A8DC462E5F8E028F0A9595B /* FBDemoApp.swift */,
				0577CDE12EC0CC34A980BA12 /* App */,
				F483AEA82DA281CBBC2FF071 /* Beauty */,
				F125E3025A9D89BDE350CBC4 /* Engine */,
				0215220A965044ABB338B0E8 /* Camera */,
				77B377AE0996A36F1BB09048 /* Studio */,
				FB0C01EF6F0D7F9D888E86B4 /* FBDemo-Bridging-Header.h */,
				8C48CD4E32DE450CB2E0A84D /* Info.plist */,
				ACFBD7783FDB26A9946BA94F /* Assets.xcassets */,
				55C2266368C888973D94C1FA /* Resources */,
			);
			name = FBDemo;
			path = FBDemo;
			sourceTree = "<group>";
		};
		F125E3025A9D89BDE350CBC4 /* Engine */ = {
			isa = PBXGroup;
			children = (
				8A96E44AC7D994288D7393ED /* BeautyEngine.swift */,
			);
			name = Engine;
			path = Engine;
			sourceTree = "<group>";
		};
		F483AEA82DA281CBBC2FF071 /* Beauty */ = {
			isa = PBXGroup;
			children = (
				36E705950AFF53114DFE923D /* BeautyCatalog.swift */,
				561504B0719FB5E9F1E75284 /* BeautyPanel.swift */,
				9DCEE155A5CC79C21C5755F4 /* BeautyParams.swift */,
			);
			name = Beauty;
			path = Beauty;
			sourceTree = "<group>";
		};
/* End PBXGroup section */

/* Begin PBXNativeTarget section */
		8E476059B2C6D058D5EED3B7 /* FBDemo */ = {
			isa = PBXNativeTarget;
			buildConfigurationList = 3E7F1B0CA99BD2C70267E1FE /* Build configuration list for PBXNativeTarget "FBDemo" */;
			buildPhases = (
				2808A907E578082887EC9AC4 /* [CP] Check Pods Manifest.lock */,
				C2067BB5B3842B88683780DB /* Copy Facebetter Demo Assets */,
				97591653AC1C7C161FC76075 /* Sources */,
				48CDD7FDB85F0F28B6C6E153 /* Frameworks */,
				CCBA0ABDD681E3BD2B936E9D /* Resources */,
				4B32D5437F8BC51BC51C0EC4 /* [CP] Embed Pods Frameworks */,
			);
			buildRules = (
			);
			dependencies = (
			);
			name = FBDemo;
			productName = FBDemo;
			productReference = 0BEDD5FFFD6A3B821ADAE8E3 /* FBDemo.app */;
			productType = "com.apple.product-type.application";
		};
/* End PBXNativeTarget section */

/* Begin PBXProject section */
		46ED9F14632C0B995903F415 /* Project object */ = {
			isa = PBXProject;
			attributes = {
				LastSwiftUpdateCheck = 1600;
				LastUpgradeCheck = 1600;
			};
			buildConfigurationList = 2B780A4654E676A1BEE82C57 /* Build configuration list for PBXProject "FBDemo" */;
			compatibilityVersion = "Xcode 3.2";
			developmentRegion = en;
			hasScannedForEncodings = 0;
			knownRegions = (
				en,
				Base,
			);
			mainGroup = 7CDB004956F432DB59293836;
			minimizedProjectReferenceProxies = 0;
			preferredProjectObjectVersion = 77;
			productRefGroup = 574A34FB0E901891D8111A74 /* Products */;
			projectDirPath = "";
			projectRoot = "";
			targets = (
				8E476059B2C6D058D5EED3B7 /* FBDemo */,
			);
		};
/* End PBXProject section */

/* Begin PBXResourcesBuildPhase section */
		CCBA0ABDD681E3BD2B936E9D /* Resources */ = {
			isa = PBXResourcesBuildPhase;
			buildActionMask = 2147483647;
			files = (
				D42F1F7F648073DEE131B6F6 /* Assets.xcassets in Resources */,
				A9B631C7BA2839879C088CBB /* FacebetterConfig.plist in Resources */,
				510D08EBCE72AA6F97E3F232 /* background.jpg in Resources */,
			);
			runOnlyForDeploymentPostprocessing = 0;
		};
/* End PBXResourcesBuildPhase section */

/* Begin PBXShellScriptBuildPhase section */
		2808A907E578082887EC9AC4 /* [CP] Check Pods Manifest.lock */ = {
			isa = PBXShellScriptBuildPhase;
			buildActionMask = 2147483647;
			files = (
			);
			inputFileListPaths = (
			);
			inputPaths = (
				"${PODS_PODFILE_DIR_PATH}/Podfile.lock",
				"${PODS_ROOT}/Manifest.lock",
			);
			name = "[CP] Check Pods Manifest.lock";
			outputFileListPaths = (
			);
			outputPaths = (
				"$(DERIVED_FILE_DIR)/Pods-FBDemo-checkManifestLockResult.txt",
			);
			runOnlyForDeploymentPostprocessing = 0;
			shellPath = /bin/sh;
			shellScript = "diff \"${PODS_PODFILE_DIR_PATH}/Podfile.lock\" \"${PODS_ROOT}/Manifest.lock\" > /dev/null\nif [ $? != 0 ] ; then\n    # print error to STDERR\n    echo \"error: The sandbox is not in sync with the Podfile.lock. Run 'pod install' or update your CocoaPods installation.\" >&2\n    exit 1\nfi\n# This output is used by Xcode 'outputs' to avoid re-running this script phase.\necho \"SUCCESS\" > \"${SCRIPT_OUTPUT_FILE_0}\"\n";
			showEnvVarsInLog = 0;
		};
		4B32D5437F8BC51BC51C0EC4 /* [CP] Embed Pods Frameworks */ = {
			isa = PBXShellScriptBuildPhase;
			buildActionMask = 2147483647;
			files = (
			);
			inputPaths = (
				"${PODS_ROOT}/Target Support Files/Pods-FBDemo/Pods-FBDemo-frameworks.sh",
				"${PODS_XCFRAMEWORKS_BUILD_DIR}/Facebetter/Facebetter.framework/Facebetter",
			);
			name = "[CP] Embed Pods Frameworks";
			outputPaths = (
				"${TARGET_BUILD_DIR}/${FRAMEWORKS_FOLDER_PATH}/Facebetter.framework",
			);
			runOnlyForDeploymentPostprocessing = 0;
			shellPath = /bin/sh;
			shellScript = "\"${PODS_ROOT}/Target Support Files/Pods-FBDemo/Pods-FBDemo-frameworks.sh\"\n";
			showEnvVarsInLog = 0;
		};
		C2067BB5B3842B88683780DB /* Copy Facebetter Demo Assets */ = {
			isa = PBXShellScriptBuildPhase;
			alwaysOutOfDate = 1;
			buildActionMask = 2147483647;
			files = (
			);
			inputFileListPaths = (
			);
			inputPaths = (
			);
			name = "Copy Facebetter Demo Assets";
			outputFileListPaths = (
			);
			outputPaths = (
			);
			runOnlyForDeploymentPostprocessing = 0;
			shellPath = /bin/sh;
			shellScript = "set -e\nDEST=\"${TARGET_BUILD_DIR}/${UNLOCALIZED_RESOURCES_FOLDER_PATH}/Facebetter\"\nSRC=\"${SRCROOT}/../web/react/public\"\nmkdir -p \"${DEST}/filters\" \"${DEST}/stickers\"\nrsync -a \"${SRC}/assets/filters/\" \"${DEST}/filters/\"\nrsync -a \"${SRC}/stickers/\" \"${DEST}/stickers/\"\ncp \"${SRC}/background.jpg\" \"${DEST}/background.jpg\"\nif [ -f \"${SRC}/assets/filters/filter_mapping.json\" ]; then\n  cp \"${SRC}/assets/filters/filter_mapping.json\" \"${DEST}/filter_mapping.json\"\nfi\n";
		};
/* End PBXShellScriptBuildPhase section */

/* Begin PBXSourcesBuildPhase section */
		97591653AC1C7C161FC76075 /* Sources */ = {
			isa = PBXSourcesBuildPhase;
			buildActionMask = 2147483647;
			files = (
				516AE901EB906049C7889B5A /* FBDemoApp.swift in Sources */,
				5C891F50C688338A2A834E6C /* L10n.swift in Sources */,
				8E1011FD30903BE09D460E75 /* BeautyCatalog.swift in Sources */,
				C59543AD5B2EC9723676E6A3 /* BeautyPanel.swift in Sources */,
				D11E2C554383A123DAAEA229 /* BeautyParams.swift in Sources */,
				187A77761AB567B20D0E6328 /* BeautyEngine.swift in Sources */,
				5806036ABB7A6B5FA28B38D4 /* CameraSession.swift in Sources */,
				FF8F43B0868FB935FAC2B9AD /* PreviewView.swift in Sources */,
				7398CDA3241ACA965774759A /* StudioModel.swift in Sources */,
				270D8C4B993852E198EBD8C6 /* StudioView.swift in Sources */,
			);
			runOnlyForDeploymentPostprocessing = 0;
		};
/* End PBXSourcesBuildPhase section */

/* Begin XCBuildConfiguration section */
		0DC0F3AC8FD5CA14F400E1D0 /* Release */ = {
			isa = XCBuildConfiguration;
			buildSettings = {
				ALWAYS_SEARCH_USER_PATHS = NO;
				CLANG_ANALYZER_NONNULL = YES;
				CLANG_ANALYZER_NUMBER_OBJECT_CONVERSION = YES_AGGRESSIVE;
				CLANG_CXX_LANGUAGE_STANDARD = "gnu++14";
				CLANG_CXX_LIBRARY = "libc++";
				CLANG_ENABLE_MODULES = YES;
				CLANG_ENABLE_OBJC_ARC = YES;
				CLANG_ENABLE_OBJC_WEAK = YES;
				CLANG_WARN_BLOCK_CAPTURE_AUTORELEASING = YES;
				CLANG_WARN_BOOL_CONVERSION = YES;
				CLANG_WARN_COMMA = YES;
				CLANG_WARN_CONSTANT_CONVERSION = YES;
				CLANG_WARN_DEPRECATED_OBJC_IMPLEMENTATIONS = YES;
				CLANG_WARN_DIRECT_OBJC_ISA_USAGE = YES_ERROR;
				CLANG_WARN_DOCUMENTATION_COMMENTS = YES;
				CLANG_WARN_EMPTY_BODY = YES;
				CLANG_WARN_ENUM_CONVERSION = YES;
				CLANG_WARN_INFINITE_RECURSION = YES;
				CLANG_WARN_INT_CONVERSION = YES;
				CLANG_WARN_NON_LITERAL_NULL_CONVERSION = YES;
				CLANG_WARN_OBJC_IMPLICIT_RETAIN_SELF = YES;
				CLANG_WARN_OBJC_LITERAL_CONVERSION = YES;
				CLANG_WARN_OBJC_ROOT_CLASS = YES_ERROR;
				CLANG_WARN_QUOTED_INCLUDE_IN_FRAMEWORK_HEADER = YES;
				CLANG_WARN_RANGE_LOOP_ANALYSIS = YES;
				CLANG_WARN_STRICT_PROTOTYPES = YES;
				CLANG_WARN_SUSPICIOUS_MOVE = YES;
				CLANG_WARN_UNGUARDED_AVAILABILITY = YES_AGGRESSIVE;
				CLANG_WARN_UNREACHABLE_CODE = YES;
				CLANG_WARN__DUPLICATE_METHOD_MATCH = YES;
				COPY_PHASE_STRIP = NO;
				DEBUG_INFORMATION_FORMAT = "dwarf-with-dsym";
				ENABLE_NS_ASSERTIONS = NO;
				ENABLE_STRICT_OBJC_MSGSEND = YES;
				ENABLE_USER_SCRIPT_SANDBOXING = NO;
				GCC_C_LANGUAGE_STANDARD = gnu11;
				GCC_NO_COMMON_BLOCKS = YES;
				GCC_WARN_64_TO_32_BIT_CONVERSION = YES;
				GCC_WARN_ABOUT_RETURN_TYPE = YES_ERROR;
				GCC_WARN_UNDECLARED_SELECTOR = YES;
				GCC_WARN_UNINITIALIZED_AUTOS = YES_AGGRESSIVE;
				GCC_WARN_UNUSED_FUNCTION = YES;
				GCC_WARN_UNUSED_VARIABLE = YES;
				IPHONEOS_DEPLOYMENT_TARGET = 16.0;
				MTL_ENABLE_DEBUG_INFO = NO;
				MTL_FAST_MATH = YES;
				PRODUCT_NAME = "$(TARGET_NAME)";
				SDKROOT = iphoneos;
				SWIFT_COMPILATION_MODE = wholemodule;
				SWIFT_OPTIMIZATION_LEVEL = "-O";
				SWIFT_VERSION = 5.0;
			};
			name = Release;
		};
		489D02E0A9256338DF40B05C /* Debug */ = {
			isa = XCBuildConfiguration;
			buildSettings = {
				ALWAYS_SEARCH_USER_PATHS = NO;
				CLANG_ANALYZER_NONNULL = YES;
				CLANG_ANALYZER_NUMBER_OBJECT_CONVERSION = YES_AGGRESSIVE;
				CLANG_CXX_LANGUAGE_STANDARD = "gnu++14";
				CLANG_CXX_LIBRARY = "libc++";
				CLANG_ENABLE_MODULES = YES;
				CLANG_ENABLE_OBJC_ARC = YES;
				CLANG_ENABLE_OBJC_WEAK = YES;
				CLANG_WARN_BLOCK_CAPTURE_AUTORELEASING = YES;
				CLANG_WARN_BOOL_CONVERSION = YES;
				CLANG_WARN_COMMA = YES;
				CLANG_WARN_CONSTANT_CONVERSION = YES;
				CLANG_WARN_DEPRECATED_OBJC_IMPLEMENTATIONS = YES;
				CLANG_WARN_DIRECT_OBJC_ISA_USAGE = YES_ERROR;
				CLANG_WARN_DOCUMENTATION_COMMENTS = YES;
				CLANG_WARN_EMPTY_BODY = YES;
				CLANG_WARN_ENUM_CONVERSION = YES;
				CLANG_WARN_INFINITE_RECURSION = YES;
				CLANG_WARN_INT_CONVERSION = YES;
				CLANG_WARN_NON_LITERAL_NULL_CONVERSION = YES;
				CLANG_WARN_OBJC_IMPLICIT_RETAIN_SELF = YES;
				CLANG_WARN_OBJC_LITERAL_CONVERSION = YES;
				CLANG_WARN_OBJC_ROOT_CLASS = YES_ERROR;
				CLANG_WARN_QUOTED_INCLUDE_IN_FRAMEWORK_HEADER = YES;
				CLANG_WARN_RANGE_LOOP_ANALYSIS = YES;
				CLANG_WARN_STRICT_PROTOTYPES = YES;
				CLANG_WARN_SUSPICIOUS_MOVE = YES;
				CLANG_WARN_UNGUARDED_AVAILABILITY = YES_AGGRESSIVE;
				CLANG_WARN_UNREACHABLE_CODE = YES;
				CLANG_WARN__DUPLICATE_METHOD_MATCH = YES;
				COPY_PHASE_STRIP = NO;
				DEBUG_INFORMATION_FORMAT = dwarf;
				ENABLE_STRICT_OBJC_MSGSEND = YES;
				ENABLE_TESTABILITY = YES;
				ENABLE_USER_SCRIPT_SANDBOXING = NO;
				GCC_C_LANGUAGE_STANDARD = gnu11;
				GCC_DYNAMIC_NO_PIC = NO;
				GCC_NO_COMMON_BLOCKS = YES;
				GCC_OPTIMIZATION_LEVEL = 0;
				GCC_PREPROCESSOR_DEFINITIONS = (
					"DEBUG=1",
					"$(inherited)",
				);
				GCC_WARN_64_TO_32_BIT_CONVERSION = YES;
				GCC_WARN_ABOUT_RETURN_TYPE = YES_ERROR;
				GCC_WARN_UNDECLARED_SELECTOR = YES;
				GCC_WARN_UNINITIALIZED_AUTOS = YES_AGGRESSIVE;
				GCC_WARN_UNUSED_FUNCTION = YES;
				GCC_WARN_UNUSED_VARIABLE = YES;
				IPHONEOS_DEPLOYMENT_TARGET = 16.0;
				MTL_ENABLE_DEBUG_INFO = INCLUDE_SOURCE;
				MTL_FAST_MATH = YES;
				ONLY_ACTIVE_ARCH = YES;
				PRODUCT_NAME = "$(TARGET_NAME)";
				SDKROOT = iphoneos;
				SWIFT_ACTIVE_COMPILATION_CONDITIONS = DEBUG;
				SWIFT_OPTIMIZATION_LEVEL = "-Onone";
				SWIFT_VERSION = 5.0;
			};
			name = Debug;
		};
		9C8256A7A6AC2D9D67973278 /* Release */ = {
			isa = XCBuildConfiguration;
			baseConfigurationReference = 757FA2E9192B7EC2E224ED14 /* Pods-FBDemo.release.xcconfig */;
			buildSettings = {
				ASSETCATALOG_COMPILER_APPICON_NAME = AppIcon;
				ASSETCATALOG_COMPILER_GLOBAL_ACCENT_COLOR_NAME = AccentColor;
				CLANG_ENABLE_MODULES = YES;
				CLANG_ENABLE_OBJC_WEAK = NO;
				CODE_SIGN_STYLE = Automatic;
				CURRENT_PROJECT_VERSION = 1;
				DEVELOPMENT_TEAM = QFCE3TAQXQ;
				ENABLE_USER_SCRIPT_SANDBOXING = NO;
				GENERATE_INFOPLIST_FILE = NO;
				INFOPLIST_FILE = FBDemo/Info.plist;
				IPHONEOS_DEPLOYMENT_TARGET = 16.0;
				LD_RUNPATH_SEARCH_PATHS = "$(inherited) @executable_path/Frameworks";
				MARKETING_VERSION = 2.0;
				OTHER_LDFLAGS = (
					"$(inherited)",
					"-ObjC",
				);
				PRODUCT_BUNDLE_IDENTIFIER = com.pixpark.fbdemo;
				PRODUCT_NAME = "$(TARGET_NAME)";
				SDKROOT = iphoneos;
				SUPPORTED_PLATFORMS = "iphoneos iphonesimulator";
				SUPPORTS_MACCATALYST = NO;
				SWIFT_OBJC_BRIDGING_HEADER = "FBDemo/FBDemo-Bridging-Header.h";
				SWIFT_VERSION = 5.0;
				TARGETED_DEVICE_FAMILY = "1,2";
				VALIDATE_PRODUCT = YES;
			};
			name = Release;
		};
		A177DD41D1AD6168AC10BFAC /* Debug */ = {
			isa = XCBuildConfiguration;
			baseConfigurationReference = D4B709BE65F8142236E5378D /* Pods-FBDemo.debug.xcconfig */;
			buildSettings = {
				ASSETCATALOG_COMPILER_APPICON_NAME = AppIcon;
				ASSETCATALOG_COMPILER_GLOBAL_ACCENT_COLOR_NAME = AccentColor;
				CLANG_ENABLE_MODULES = YES;
				CLANG_ENABLE_OBJC_WEAK = NO;
				CODE_SIGN_STYLE = Automatic;
				CURRENT_PROJECT_VERSION = 1;
				DEVELOPMENT_TEAM = QFCE3TAQXQ;
				ENABLE_USER_SCRIPT_SANDBOXING = NO;
				GENERATE_INFOPLIST_FILE = NO;
				INFOPLIST_FILE = FBDemo/Info.plist;
				IPHONEOS_DEPLOYMENT_TARGET = 16.0;
				LD_RUNPATH_SEARCH_PATHS = "$(inherited) @executable_path/Frameworks";
				MARKETING_VERSION = 2.0;
				OTHER_LDFLAGS = (
					"$(inherited)",
					"-ObjC",
				);
				PRODUCT_BUNDLE_IDENTIFIER = com.pixpark.fbdemo;
				PRODUCT_NAME = "$(TARGET_NAME)";
				SDKROOT = iphoneos;
				SUPPORTED_PLATFORMS = "iphoneos iphonesimulator";
				SUPPORTS_MACCATALYST = NO;
				SWIFT_ACTIVE_COMPILATION_CONDITIONS = DEBUG;
				SWIFT_OBJC_BRIDGING_HEADER = "FBDemo/FBDemo-Bridging-Header.h";
				SWIFT_OPTIMIZATION_LEVEL = "-Onone";
				SWIFT_VERSION = 5.0;
				TARGETED_DEVICE_FAMILY = "1,2";
			};
			name = Debug;
		};
/* End XCBuildConfiguration section */

/* Begin XCConfigurationList section */
		2B780A4654E676A1BEE82C57 /* Build configuration list for PBXProject "FBDemo" */ = {
			isa = XCConfigurationList;
			buildConfigurations = (
				489D02E0A9256338DF40B05C /* Debug */,
				0DC0F3AC8FD5CA14F400E1D0 /* Release */,
			);
			defaultConfigurationIsVisible = 0;
			defaultConfigurationName = Release;
		};
		3E7F1B0CA99BD2C70267E1FE /* Build configuration list for PBXNativeTarget "FBDemo" */ = {
			isa = XCConfigurationList;
			buildConfigurations = (
				9C8256A7A6AC2D9D67973278 /* Release */,
				A177DD41D1AD6168AC10BFAC /* Debug */,
			);
			defaultConfigurationIsVisible = 0;
			defaultConfigurationName = Release;
		};
/* End XCConfigurationList section */
	};
	rootObject = 46ED9F14632C0B995903F415 /* Project object */;
}
