// !$*UTF8*$!
{
	archiveVersion = 1;
	classes = {
	};
	objectVersion = 56;
	objects = {

/* Begin PBXBuildFile section */
		842663E22ED8876C0016D46A /* ExternalTextureViewController.m in Sources */ = {isa = PBXBuildFile; fileRef = 842663E12ED8876C0016D46A /* ExternalTextureViewController.m */; };
		842664172ED88AB60016D46A /* Facebetter.framework/Facebetter in Frameworks */ = {isa = PBXBuildFile; fileRef = 842663FF2ED88A9B0016D46A /* Facebetter.framework/Facebetter */; };
		842664182ED88AB60016D46A /* Facebetter.framework/Facebetter in Embed Frameworks */ = {isa = PBXBuildFile; fileRef = 842663FF2ED88A9B0016D46A /* Facebetter.framework/Facebetter */; settings = {ATTRIBUTES = (CodeSignOnCopy, RemoveHeadersOnCopy, ); }; };
		8426644D2EDA85D10016D46A /* GLTextureRenderView.m in Sources */ = {isa = PBXBuildFile; fileRef = 8426644C2EDA85D10016D46A /* GLTextureRenderView.m */; };
		842664692EDB29800016D46A /* demo.png in Resources */ = {isa = PBXBuildFile; fileRef = 842664572EDB29800016D46A /* demo.png */; };
		844A23D62EB3630D005F3533 /* GLRGBARenderView.m in Sources */ = {isa = PBXBuildFile; fileRef = 844A23D52EB3630D005F3533 /* GLRGBARenderView.m */; };
		846E18DD2E6EDF8A00D3B53C /* BeautyPanelViewController.m in Sources */ = {isa = PBXBuildFile; fileRef = 846E18D02E6EDF8A00D3B53C /* BeautyPanelViewController.m */; };
		84DCA0762E372964008E8A26 /* AppDelegate.m in Sources */ = {isa = PBXBuildFile; fileRef = 84DCA0752E372964008E8A26 /* AppDelegate.m */; };
		84DCA0792E372964008E8A26 /* SceneDelegate.m in Sources */ = {isa = PBXBuildFile; fileRef = 84DCA0782E372964008E8A26 /* SceneDelegate.m */; };
		84DCA07F2E372964008E8A26 /* Main.storyboard in Resources */ = {isa = PBXBuildFile; fileRef = 84DCA07D2E372964008E8A26 /* Main.storyboard */; };
		84DCA0812E372966008E8A26 /* Assets.xcassets in Resources */ = {isa = PBXBuildFile; fileRef = 84DCA0802E372966008E8A26 /* Assets.xcassets */; };
		84DCA0842E372966008E8A26 /* LaunchScreen.storyboard in Resources */ = {isa = PBXBuildFile; fileRef = 84DCA0822E372966008E8A26 /* LaunchScreen.storyboard */; };
		84DCA0872E372966008E8A26 /* main.m in Sources */ = {isa = PBXBuildFile; fileRef = 84DCA0862E372966008E8A26 /* main.m */; };
		84DCA0AF2E372CE8008E8A26 /* CameraManager.m in Sources */ = {isa = PBXBuildFile; fileRef = 84DCA0AD2E372CE8008E8A26 /* CameraManager.m */; };
		84ECE4BC2EB9FE400062EBE0 /* CameraViewController.m in Sources */ = {isa = PBXBuildFile; fileRef = 84ECE4B92EB9FE400062EBE0 /* CameraViewController.m */; };
		84ECE4BD2EB9FE400062EBE0 /* HomeViewController.m in Sources */ = {isa = PBXBuildFile; fileRef = 84ECE4BB2EB9FE400062EBE0 /* HomeViewController.m */; };
		84ECE52B2EBA09060062EBE0 /* tiezhi.png in Resources */ = {isa = PBXBuildFile; fileRef = 84ECE5072EBA09050062EBE0 /* tiezhi.png */; };
		84ECE52C2EBA09060062EBE0 /* tiezhi3.png in Resources */ = {isa = PBXBuildFile; fileRef = 84ECE5082EBA09050062EBE0 /* tiezhi3.png */; };
		84ECE52D2EBA09060062EBE0 /* fengge.png in Resources */ = {isa = PBXBuildFile; fileRef = 84ECE5092EBA09050062EBE0 /* fengge.png */; };
		84ECE52E2EBA09060062EBE0 /* huazhitiaozheng3.png in Resources */ = {isa = PBXBuildFile; fileRef = 84ECE50A2EBA09050062EBE0 /* huazhitiaozheng3.png */; };
		84ECE52F2EBA09060062EBE0 /* huazhitiaozheng2.png in Resources */ = {isa = PBXBuildFile; fileRef = 84ECE50B2EBA09050062EBE0 /* huazhitiaozheng2.png */; };
		84ECE5302EBA09060062EBE0 /* blur.png in Resources */ = {isa = PBXBuildFile; fileRef = 84ECE50C2EBA09050062EBE0 /* blur.png */; };
		84ECE5312EBA09060062EBE0 /* meizhuang.png in Resources */ = {isa = PBXBuildFile; fileRef = 84ECE50D2EBA09050062EBE0 /* meizhuang.png */; };
		84ECE5322EBA09060062EBE0 /* huanfase.png in Resources */ = {isa = PBXBuildFile; fileRef = 84ECE50E2EBA09050062EBE0 /* huanfase.png */; };
		84ECE5332EBA09060062EBE0 /* tiezhi2.png in Resources */ = {isa = PBXBuildFile; fileRef = 84ECE50F2EBA09050062EBE0 /* tiezhi2.png */; };
		84ECE5342EBA09060062EBE0 /* more.png in Resources */ = {isa = PBXBuildFile; fileRef = 84ECE5102EBA09050062EBE0 /* more.png */; };
		84ECE5352EBA09060062EBE0 /* camera3.png in Resources */ = {isa = PBXBuildFile; fileRef = 84ECE5112EBA09050062EBE0 /* camera3.png */; };
		84ECE5362EBA09060062EBE0 /* beautycard2.png in Resources */ = {isa = PBXBuildFile; fileRef = 84ECE5122EBA09050062EBE0 /* beautycard2.png */; };
		84ECE5372EBA09060062EBE0 /* reset.png in Resources */ = {isa = PBXBuildFile; fileRef = 84ECE5132EBA09050062EBE0 /* reset.png */; };
		84ECE5382EBA09060062EBE0 /* back_preset.png in Resources */ = {isa = PBXBuildFile; fileRef = 84ECE5142EBA09050062EBE0 /* back_preset.png */; };
		84ECE5392EBA09060062EBE0 /* beautycard3.png in Resources */ = {isa = PBXBuildFile; fileRef = 84ECE5152EBA09050062EBE0 /* beautycard3.png */; };
		84ECE53A2EBA09060062EBE0 /* setting.png in Resources */ = {isa = PBXBuildFile; fileRef = 84ECE5162EBA09050062EBE0 /* setting.png */; };
		84ECE53B2EBA09060062EBE0 /* xunibeijing.png in Resources */ = {isa = PBXBuildFile; fileRef = 84ECE5172EBA09050062EBE0 /* xunibeijing.png */; };
		84ECE53C2EBA09060062EBE0 /* before_after.png in Resources */ = {isa = PBXBuildFile; fileRef = 84ECE5182EBA09050062EBE0 /* before_after.png */; };
		84ECE53D2EBA09060062EBE0 /* switchcamera.png in Resources */ = {isa = PBXBuildFile; fileRef = 84ECE5192EBA09050062EBE0 /* switchcamera.png */; };
		84ECE53E2EBA09060062EBE0 /* lvmukoutu.png in Resources */ = {isa = PBXBuildFile; fileRef = 84ECE51A2EBA09050062EBE0 /* lvmukoutu.png */; };
		84ECE53F2EBA09060062EBE0 /* camera.png in Resources */ = {isa = PBXBuildFile; fileRef = 84ECE51B2EBA09050062EBE0 /* camera.png */; };
		84ECE5402EBA09060062EBE0 /* disable.png in Resources */ = {isa = PBXBuildFile; fileRef = 84ECE51C2EBA09050062EBE0 /* disable.png */; };
		84ECE5412EBA09060062EBE0 /* camera2.png in Resources */ = {isa = PBXBuildFile; fileRef = 84ECE51D2EBA09050062EBE0 /* camera2.png */; };
		84ECE5422EBA09060062EBE0 /* renlianjiance.png in Resources */ = {isa = PBXBuildFile; fileRef = 84ECE51E2EBA09050062EBE0 /* renlianjiance.png */; };
		84ECE5432EBA09060062EBE0 /* meiyan.png in Resources */ = {isa = PBXBuildFile; fileRef = 84ECE51F2EBA09050062EBE0 /* meiyan.png */; };
		84ECE5442EBA09060062EBE0 /* gallery.png in Resources */ = {isa = PBXBuildFile; fileRef = 84ECE5202EBA09050062EBE0 /* gallery.png */; };
		84ECE5452EBA09060062EBE0 /* header.png in Resources */ = {isa = PBXBuildFile; fileRef = 84ECE5212EBA09050062EBE0 /* header.png */; };
		84ECE5462EBA09060062EBE0 /* meixing.png in Resources */ = {isa = PBXBuildFile; fileRef = 84ECE5222EBA09050062EBE0 /* meixing.png */; };
		84ECE5472EBA09060062EBE0 /* menu.png in Resources */ = {isa = PBXBuildFile; fileRef = 84ECE5232EBA09050062EBE0 /* menu.png */; };
		84ECE5482EBA09060062EBE0 /* lvjing.png in Resources */ = {isa = PBXBuildFile; fileRef = 84ECE5242EBA09050062EBE0 /* lvjing.png */; };
		84ECE5492EBA09060062EBE0 /* meiyan2.png in Resources */ = {isa = PBXBuildFile; fileRef = 84ECE5252EBA09050062EBE0 /* meiyan2.png */; };
		84ECE54A2EBA09060062EBE0 /* meiti.png in Resources */ = {isa = PBXBuildFile; fileRef = 84ECE5262EBA09050062EBE0 /* meiti.png */; };
		84ECE54B2EBA09060062EBE0 /* close.png in Resources */ = {isa = PBXBuildFile; fileRef = 84ECE5272EBA09050062EBE0 /* close.png */; };
		84ECE54C2EBA09060062EBE0 /* shoushi.png in Resources */ = {isa = PBXBuildFile; fileRef = 84ECE5282EBA09060062EBE0 /* shoushi.png */; };
		84ECE54D2EBA09060062EBE0 /* meixing2.png in Resources */ = {isa = PBXBuildFile; fileRef = 84ECE5292EBA09060062EBE0 /* meixing2.png */; };
		84ECE54E2EBA09060062EBE0 /* meizhuang2.png in Resources */ = {isa = PBXBuildFile; fileRef = 84ECE52A2EBA09060062EBE0 /* meizhuang2.png */; };
/* End PBXBuildFile section */

/* Begin PBXContainerItemProxy section */
		842663FC2ED88A9B0016D46A /* PBXContainerItemProxy */ = {
			isa = PBXContainerItemProxy;
			containerPortal = 842663E32ED88A9B0016D46A /* fb.xcodeproj */;
			proxyType = 2;
			remoteGlobalIDString = 3D0F214F86D3454E8BB2F9C4;
			remoteInfo = crypto;
		};
		842663FE2ED88A9B0016D46A /* PBXContainerItemProxy */ = {
			isa = PBXContainerItemProxy;
			containerPortal = 842663E32ED88A9B0016D46A /* fb.xcodeproj */;
			proxyType = 2;
			remoteGlobalIDString = A503CA6319164E23B4428432;
			remoteInfo = facebetter;
		};
		842664002ED88A9B0016D46A /* PBXContainerItemProxy */ = {
			isa = PBXContainerItemProxy;
			containerPortal = 842663E32ED88A9B0016D46A /* fb.xcodeproj */;
			proxyType = 2;
			remoteGlobalIDString = D893A0973A8148AAA4669D46;
			remoteInfo = gmock;
		};
		842664022ED88A9B0016D46A /* PBXContainerItemProxy */ = {
			isa = PBXContainerItemProxy;
			containerPortal = 842663E32ED88A9B0016D46A /* fb.xcodeproj */;
			proxyType = 2;
			remoteGlobalIDString = 5E3224E8C6C0437C9D6F2998;
			remoteInfo = gmock_main;
		};
		842664042ED88A9B0016D46A /* PBXContainerItemProxy */ = {
			isa = PBXContainerItemProxy;
			containerPortal = 842663E32ED88A9B0016D46A /* fb.xcodeproj */;
			proxyType = 2;
			remoteGlobalIDString = 2C9C55A33B0241FB88548A10;
			remoteInfo = gpupixel;
		};
		842664062ED88A9B0016D46A /* PBXContainerItemProxy */ = {
			isa = PBXContainerItemProxy;
			containerPortal = 842663E32ED88A9B0016D46A /* fb.xcodeproj */;
			proxyType = 2;
			remoteGlobalIDString = 079DAA60047D491CA452307B;
			remoteInfo = gtest;
		};
		842664082ED88A9B0016D46A /* PBXContainerItemProxy */ = {
			isa = PBXContainerItemProxy;
			containerPortal = 842663E32ED88A9B0016D46A /* fb.xcodeproj */;
			proxyType = 2;
			remoteGlobalIDString = 4138039E984C4B338D6FF9E0;
			remoteInfo = gtest_main;
		};
		8426640A2ED88A9B0016D46A /* PBXContainerItemProxy */ = {
			isa = PBXContainerItemProxy;
			containerPortal = 842663E32ED88A9B0016D46A /* fb.xcodeproj */;
			proxyType = 2;
			remoteGlobalIDString = 0EEA7FAABE13457DB475183F;
			remoteInfo = mars_vision;
		};
		8426640C2ED88A9B0016D46A /* PBXContainerItemProxy */ = {
			isa = PBXContainerItemProxy;
			containerPortal = 842663E32ED88A9B0016D46A /* fb.xcodeproj */;
			proxyType = 2;
			remoteGlobalIDString = B9CDF430245748EF8B39F7E5;
			remoteInfo = spdlog;
		};
		8426640E2ED88A9B0016D46A /* PBXContainerItemProxy */ = {
			isa = PBXContainerItemProxy;
			containerPortal = 842663E32ED88A9B0016D46A /* fb.xcodeproj */;
			proxyType = 2;
			remoteGlobalIDString = DE54AAD5B93F4C9AB9672686;
			remoteInfo = ssl;
		};
		842664102ED88A9B0016D46A /* PBXContainerItemProxy */ = {
			isa = PBXContainerItemProxy;
			containerPortal = 842663E32ED88A9B0016D46A /* fb.xcodeproj */;
			proxyType = 2;
			remoteGlobalIDString = 08EB057631BE43DF995B0A1F;
			remoteInfo = yuv;
		};
		842664122ED88A9B0016D46A /* PBXContainerItemProxy */ = {
			isa = PBXContainerItemProxy;
			containerPortal = 842663E32ED88A9B0016D46A /* fb.xcodeproj */;
			proxyType = 2;
			remoteGlobalIDString = D82A0449F5E74CEDB7D47D4E;
			remoteInfo = zip;
		};
		842664142ED88AA60016D46A /* PBXContainerItemProxy */ = {
			isa = PBXContainerItemProxy;
			containerPortal = 842663E32ED88A9B0016D46A /* fb.xcodeproj */;
			proxyType = 1;
			remoteGlobalIDString = FC54606FD8D885504C798994;
			remoteInfo = facebetter;
		};
/* End PBXContainerItemProxy section */

/* Begin PBXCopyFilesBuildPhase section */
		842664192ED88AB60016D46A /* Embed Frameworks */ = {
			isa = PBXCopyFilesBuildPhase;
			buildActionMask = 2147483647;
			dstPath = "";
			dstSubfolderSpec = 10;
			files = (
				842664182ED88AB60016D46A /* Facebetter.framework/Facebetter in Embed Frameworks */,
			);
			name = "Embed Frameworks";
			runOnlyForDeploymentPostprocessing = 0;
		};
/* End PBXCopyFilesBuildPhase section */

/* Begin PBXFileReference section */
		842663E02ED8876C0016D46A /* ExternalTextureViewController.h */ = {isa = PBXFileReference; fileEncoding = 4; lastKnownFileType = sourcecode.c.h; path = ExternalTextureViewController.h; sourceTree = "<group>"; };
		842663E12ED8876C0016D46A /* ExternalTextureViewController.m */ = {isa = PBXFileReference; fileEncoding = 4; lastKnownFileType = sourcecode.c.objc; path = ExternalTextureViewController.m; sourceTree = "<group>"; };
		842663E32ED88A9B0016D46A /* fb.xcodeproj */ = {isa = PBXFileReference; lastKnownFileType = "wrapper.pb-project"; name = fb.xcodeproj; path = ../../build/ios/fb.xcodeproj; sourceTree = "<group>"; };
		8426643A2EDA85D10016D46A /* GLTextureRenderView.h */ = {isa = PBXFileReference; fileEncoding = 4; lastKnownFileType = sourcecode.c.h; path = GLTextureRenderView.h; sourceTree = "<group>"; };
		8426644C2EDA85D10016D46A /* GLTextureRenderView.m */ = {isa = PBXFileReference; fileEncoding = 4; lastKnownFileType = sourcecode.c.objc; path = GLTextureRenderView.m; sourceTree = "<group>"; };
		842664572EDB29800016D46A /* demo.png */ = {isa = PBXFileReference; lastKnownFileType = image.png; name = demo.png; path = FBExampleObjc/Icon/demo.png; sourceTree = "<group>"; };
		844A23C72EB3630D005F3533 /* GLRGBARenderView.h */ = {isa = PBXFileReference; fileEncoding = 4; lastKnownFileType = sourcecode.c.h; path = GLRGBARenderView.h; sourceTree = "<group>"; };
		844A23D52EB3630D005F3533 /* GLRGBARenderView.m */ = {isa = PBXFileReference; fileEncoding = 4; lastKnownFileType = sourcecode.c.objc; path = GLRGBARenderView.m; sourceTree = "<group>"; };
		844A240B2EB39C5D005F3533 /* Facebetter.framework */ = {isa = PBXFileReference; lastKnownFileType = wrapper.framework; name = Facebetter.framework; path = FBExampleObjc/libs/Facebetter.framework; sourceTree = "<group>"; };
		846E18D02E6EDF8A00D3B53C /* BeautyPanelViewController.m */ = {isa = PBXFileReference; fileEncoding = 4; lastKnownFileType = sourcecode.c.objc; path = BeautyPanelViewController.m; sourceTree = "<group>"; };
		846E18DC2E6EDF8A00D3B53C /* BeautyPanelViewController.h */ = {isa = PBXFileReference; fileEncoding = 4; lastKnownFileType = sourcecode.c.h; path = BeautyPanelViewController.h; sourceTree = "<group>"; };
		84DCA0712E372964008E8A26 /* Facebetter.app */ = {isa = PBXFileReference; explicitFileType = wrapper.application; includeInIndex = 0; path = Facebetter.app; sourceTree = BUILT_PRODUCTS_DIR; };
		84DCA0742E372964008E8A26 /* AppDelegate.h */ = {isa = PBXFileReference; lastKnownFileType = sourcecode.c.h; path = AppDelegate.h; sourceTree = "<group>"; };
		84DCA0752E372964008E8A26 /* AppDelegate.m */ = {isa = PBXFileReference; lastKnownFileType = sourcecode.c.objc; path = AppDelegate.m; sourceTree = "<group>"; };
		84DCA0772E372964008E8A26 /* SceneDelegate.h */ = {isa = PBXFileReference; lastKnownFileType = sourcecode.c.h; path = SceneDelegate.h; sourceTree = "<group>"; };
		84DCA0782E372964008E8A26 /* SceneDelegate.m */ = {isa = PBXFileReference; lastKnownFileType = sourcecode.c.objc; path = SceneDelegate.m; sourceTree = "<group>"; };
		84DCA07E2E372964008E8A26 /* Base */ = {isa = PBXFileReference; lastKnownFileType = file.storyboard; name = Base; path = Base.lproj/Main.storyboard; sourceTree = "<group>"; };
		84DCA0802E372966008E8A26 /* Assets.xcassets */ = {isa = PBXFileReference; lastKnownFileType = folder.assetcatalog; path = Assets.xcassets; sourceTree = "<group>"; };
		84DCA0832E372966008E8A26 /* Base */ = {isa = PBXFileReference; lastKnownFileType = file.storyboard; name = Base; path = Base.lproj/LaunchScreen.storyboard; sourceTree = "<group>"; };
		84DCA0852E372966008E8A26 /* Info.plist */ = {isa = PBXFileReference; lastKnownFileType = text.plist.xml; path = Info.plist; sourceTree = "<group>"; };
		84DCA0862E372966008E8A26 /* main.m */ = {isa = PBXFileReference; lastKnownFileType = sourcecode.c.objc; path = main.m; sourceTree = "<group>"; };
		84DCA0AD2E372CE8008E8A26 /* CameraManager.m */ = {isa = PBXFileReference; fileEncoding = 4; lastKnownFileType = sourcecode.c.objc; path = CameraManager.m; sourceTree = "<group>"; };
		84DCA0AE2E372CE8008E8A26 /* CameraManager.h */ = {isa = PBXFileReference; fileEncoding = 4; lastKnownFileType = sourcecode.c.h; path = CameraManager.h; sourceTree = "<group>"; };
		84ECE4B82EB9FE400062EBE0 /* CameraViewController.h */ = {isa = PBXFileReference; fileEncoding = 4; lastKnownFileType = sourcecode.c.h; path = CameraViewController.h; sourceTree = "<group>"; };
		84ECE4B92EB9FE400062EBE0 /* CameraViewController.m */ = {isa = PBXFileReference; fileEncoding = 4; lastKnownFileType = sourcecode.c.objc; path = CameraViewController.m; sourceTree = "<group>"; };
		84ECE4BA2EB9FE400062EBE0 /* HomeViewController.h */ = {isa = PBXFileReference; fileEncoding = 4; lastKnownFileType = sourcecode.c.h; path = HomeViewController.h; sourceTree = "<group>"; };
		84ECE4BB2EB9FE400062EBE0 /* HomeViewController.m */ = {isa = PBXFileReference; fileEncoding = 4; lastKnownFileType = sourcecode.c.objc; path = HomeViewController.m; sourceTree = "<group>"; };
		84ECE5072EBA09050062EBE0 /* tiezhi.png */ = {isa = PBXFileReference; lastKnownFileType = image.png; name = tiezhi.png; path = FBExampleObjc/Icon/tiezhi.png; sourceTree = "<group>"; };
		84ECE5082EBA09050062EBE0 /* tiezhi3.png */ = {isa = PBXFileReference; lastKnownFileType = image.png; name = tiezhi3.png; path = FBExampleObjc/Icon/tiezhi3.png; sourceTree = "<group>"; };
		84ECE5092EBA09050062EBE0 /* fengge.png */ = {isa = PBXFileReference; lastKnownFileType = image.png; name = fengge.png; path = FBExampleObjc/Icon/fengge.png; sourceTree = "<group>"; };
		84ECE50A2EBA09050062EBE0 /* huazhitiaozheng3.png */ = {isa = PBXFileReference; lastKnownFileType = image.png; name = huazhitiaozheng3.png; path = FBExampleObjc/Icon/huazhitiaozheng3.png; sourceTree = "<group>"; };
		84ECE50B2EBA09050062EBE0 /* huazhitiaozheng2.png */ = {isa = PBXFileReference; lastKnownFileType = image.png; name = huazhitiaozheng2.png; path = FBExampleObjc/Icon/huazhitiaozheng2.png; sourceTree = "<group>"; };
		84ECE50C2EBA09050062EBE0 /* blur.png */ = {isa = PBXFileReference; lastKnownFileType = image.png; name = blur.png; path = FBExampleObjc/Icon/blur.png; sourceTree = "<group>"; };
		84ECE50D2EBA09050062EBE0 /* meizhuang.png */ = {isa = PBXFileReference; lastKnownFileType = image.png; name = meizhuang.png; path = FBExampleObjc/Icon/meizhuang.png; sourceTree = "<group>"; };
		84ECE50E2EBA09050062EBE0 /* huanfase.png */ = {isa = PBXFileReference; lastKnownFileType = image.png; name = huanfase.png; path = FBExampleObjc/Icon/huanfase.png; sourceTree = "<group>"; };
		84ECE50F2EBA09050062EBE0 /* tiezhi2.png */ = {isa = PBXFileReference; lastKnownFileType = image.png; name = tiezhi2.png; path = FBExampleObjc/Icon/tiezhi2.png; sourceTree = "<group>"; };
		84ECE5102EBA09050062EBE0 /* more.png */ = {isa = PBXFileReference; lastKnownFileType = image.png; name = more.png; path = FBExampleObjc/Icon/more.png; sourceTree = "<group>"; };
		84ECE5112EBA09050062EBE0 /* camera3.png */ = {isa = PBXFileReference; lastKnownFileType = image.png; name = camera3.png; path = FBExampleObjc/Icon/camera3.png; sourceTree = "<group>"; };
		84ECE5122EBA09050062EBE0 /* beautycard2.png */ = {isa = PBXFileReference; lastKnownFileType = image.png; name = beautycard2.png; path = FBExampleObjc/Icon/beautycard2.png; sourceTree = "<group>"; };
		84ECE5132EBA09050062EBE0 /* reset.png */ = {isa = PBXFileReference; lastKnownFileType = image.png; name = reset.png; path = FBExampleObjc/Icon/reset.png; sourceTree = "<group>"; };
		84ECE5142EBA09050062EBE0 /* back_preset.png */ = {isa = PBXFileReference; lastKnownFileType = image.png; name = back_preset.png; path = FBExampleObjc/Icon/back_preset.png; sourceTree = "<group>"; };
		84ECE5152EBA09050062EBE0 /* beautycard3.png */ = {isa = PBXFileReference; lastKnownFileType = image.png; name = beautycard3.png; path = FBExampleObjc/Icon/beautycard3.png; sourceTree = "<group>"; };
		84ECE5162EBA09050062EBE0 /* setting.png */ = {isa = PBXFileReference; lastKnownFileType = image.png; name = setting.png; path = FBExampleObjc/Icon/setting.png; sourceTree = "<group>"; };
		84ECE5172EBA09050062EBE0 /* xunibeijing.png */ = {isa = PBXFileReference; lastKnownFileType = image.png; name = xunibeijing.png; path = FBExampleObjc/Icon/xunibeijing.png; sourceTree = "<group>"; };
		84ECE5182EBA09050062EBE0 /* before_after.png */ = {isa = PBXFileReference; lastKnownFileType = image.png; name = before_after.png; path = FBExampleObjc/Icon/before_after.png; sourceTree = "<group>"; };
		84ECE5192EBA09050062EBE0 /* switchcamera.png */ = {isa = PBXFileReference; lastKnownFileType = image.png; name = switchcamera.png; path = FBExampleObjc/Icon/switchcamera.png; sourceTree = "<group>"; };
		84ECE51A2EBA09050062EBE0 /* lvmukoutu.png */ = {isa = PBXFileReference; lastKnownFileType = image.png; name = lvmukoutu.png; path = FBExampleObjc/Icon/lvmukoutu.png; sourceTree = "<group>"; };
		84ECE51B2EBA09050062EBE0 /* camera.png */ = {isa = PBXFileReference; lastKnownFileType = image.png; name = camera.png; path = FBExampleObjc/Icon/camera.png; sourceTree = "<group>"; };
		84ECE51C2EBA09050062EBE0 /* disable.png */ = {isa = PBXFileReference; lastKnownFileType = image.png; name = disable.png; path = FBExampleObjc/Icon/disable.png; sourceTree = "<group>"; };
		84ECE51D2EBA09050062EBE0 /* camera2.png */ = {isa = PBXFileReference; lastKnownFileType = image.png; name = camera2.png; path = FBExampleObjc/Icon/camera2.png; sourceTree = "<group>"; };
		84ECE51E2EBA09050062EBE0 /* renlianjiance.png */ = {isa = PBXFileReference; lastKnownFileType = image.png; name = renlianjiance.png; path = FBExampleObjc/Icon/renlianjiance.png; sourceTree = "<group>"; };
		84ECE51F2EBA09050062EBE0 /* meiyan.png */ = {isa = PBXFileReference; lastKnownFileType = image.png; name = meiyan.png; path = FBExampleObjc/Icon/meiyan.png; sourceTree = "<group>"; };
		84ECE5202EBA09050062EBE0 /* gallery.png */ = {isa = PBXFileReference; lastKnownFileType = image.png; name = gallery.png; path = FBExampleObjc/Icon/gallery.png; sourceTree = "<group>"; };
		84ECE5212EBA09050062EBE0 /* header.png */ = {isa = PBXFileReference; lastKnownFileType = image.png; name = header.png; path = FBExampleObjc/Icon/header.png; sourceTree = "<group>"; };
		84ECE5222EBA09050062EBE0 /* meixing.png */ = {isa = PBXFileReference; lastKnownFileType = image.png; name = meixing.png; path = FBExampleObjc/Icon/meixing.png; sourceTree = "<group>"; };
		84ECE5232EBA09050062EBE0 /* menu.png */ = {isa = PBXFileReference; lastKnownFileType = image.png; name = menu.png; path = FBExampleObjc/Icon/menu.png; sourceTree = "<group>"; };
		84ECE5242EBA09050062EBE0 /* lvjing.png */ = {isa = PBXFileReference; lastKnownFileType = image.png; name = lvjing.png; path = FBExampleObjc/Icon/lvjing.png; sourceTree = "<group>"; };
		84ECE5252EBA09050062EBE0 /* meiyan2.png */ = {isa = PBXFileReference; lastKnownFileType = image.png; name = meiyan2.png; path = FBExampleObjc/Icon/meiyan2.png; sourceTree = "<group>"; };
		84ECE5262EBA09050062EBE0 /* meiti.png */ = {isa = PBXFileReference; lastKnownFileType = image.png; name = meiti.png; path = FBExampleObjc/Icon/meiti.png; sourceTree = "<group>"; };
		84ECE5272EBA09050062EBE0 /* close.png */ = {isa = PBXFileReference; lastKnownFileType = image.png; name = close.png; path = FBExampleObjc/Icon/close.png; sourceTree = "<group>"; };
		84ECE5282EBA09060062EBE0 /* shoushi.png */ = {isa = PBXFileReference; lastKnownFileType = image.png; name = shoushi.png; path = FBExampleObjc/Icon/shoushi.png; sourceTree = "<group>"; };
		84ECE5292EBA09060062EBE0 /* meixing2.png */ = {isa = PBXFileReference; lastKnownFileType = image.png; name = meixing2.png; path = FBExampleObjc/Icon/meixing2.png; sourceTree = "<group>"; };
		84ECE52A2EBA09060062EBE0 /* meizhuang2.png */ = {isa = PBXFileReference; lastKnownFileType = image.png; name = meizhuang2.png; path = FBExampleObjc/Icon/meizhuang2.png; sourceTree = "<group>"; };
/* End PBXFileReference section */

/* Begin PBXFrameworksBuildPhase section */
		84DCA06E2E372964008E8A26 /* Frameworks */ = {
			isa = PBXFrameworksBuildPhase;
			buildActionMask = 2147483647;
			files = (
				842664172ED88AB60016D46A /* Facebetter.framework/Facebetter in Frameworks */,
			);
			runOnlyForDeploymentPostprocessing = 0;
		};
/* End PBXFrameworksBuildPhase section */

/* Begin PBXGroup section */
		842663E42ED88A9B0016D46A /* Products */ = {
			isa = PBXGroup;
			children = (
				842663FD2ED88A9B0016D46A /* libcrypto.a */,
				842663FF2ED88A9B0016D46A /* Facebetter.framework/Facebetter */,
				842664012ED88A9B0016D46A /* libgmock.a */,
				842664032ED88A9B0016D46A /* libgmock_main.a */,
				842664052ED88A9B0016D46A /* libgpupixel.a */,
				842664072ED88A9B0016D46A /* libgtest.a */,
				842664092ED88A9B0016D46A /* libgtest_main.a */,
				8426640B2ED88A9B0016D46A /* libmars_vision.a */,
				8426640D2ED88A9B0016D46A /* libspdlogd.a */,
				8426640F2ED88A9B0016D46A /* libssl.a */,
				842664112ED88A9B0016D46A /* libyuv.a */,
				842664132ED88A9B0016D46A /* libzip.a */,
			);
			name = Products;
			sourceTree = "<group>";
		};
		84DCA0682E372964008E8A26 = {
			isa = PBXGroup;
			children = (
				842663E32ED88A9B0016D46A /* fb.xcodeproj */,
				84DCA0732E372964008E8A26 /* FBExampleObjc */,
				84ECE54F2EBA090A0062EBE0 /* Icons */,
				84DCA0722E372964008E8A26 /* Products */,
				84DCA0B82E37461F008E8A26 /* Frameworks */,
			);
			sourceTree = "<group>";
		};
		84DCA0722E372964008E8A26 /* Products */ = {
			isa = PBXGroup;
			children = (
				84DCA0712E372964008E8A26 /* Facebetter.app */,
			);
			name = Products;
			sourceTree = "<group>";
		};
		84DCA0732E372964008E8A26 /* FBExampleObjc */ = {
			isa = PBXGroup;
			children = (
				84DCA0742E372964008E8A26 /* AppDelegate.h */,
				84DCA0752E372964008E8A26 /* AppDelegate.m */,
				84DCA0772E372964008E8A26 /* SceneDelegate.h */,
				84DCA0782E372964008E8A26 /* SceneDelegate.m */,
				84ECE4B82EB9FE400062EBE0 /* CameraViewController.h */,
				84ECE4B92EB9FE400062EBE0 /* CameraViewController.m */,
				84ECE4BA2EB9FE400062EBE0 /* HomeViewController.h */,
				84ECE4BB2EB9FE400062EBE0 /* HomeViewController.m */,
				84DCA0AE2E372CE8008E8A26 /* CameraManager.h */,
				84DCA0AD2E372CE8008E8A26 /* CameraManager.m */,
				842663E02ED8876C0016D46A /* ExternalTextureViewController.h */,
				842663E12ED8876C0016D46A /* ExternalTextureViewController.m */,
				846E18DC2E6EDF8A00D3B53C /* BeautyPanelViewController.h */,
				846E18D02E6EDF8A00D3B53C /* BeautyPanelViewController.m */,
				844A23C72EB3630D005F3533 /* GLRGBARenderView.h */,
				844A23D52EB3630D005F3533 /* GLRGBARenderView.m */,
				8426643A2EDA85D10016D46A /* GLTextureRenderView.h */,
				8426644C2EDA85D10016D46A /* GLTextureRenderView.m */,
				84DCA07D2E372964008E8A26 /* Main.storyboard */,
				84DCA0802E372966008E8A26 /* Assets.xcassets */,
				84DCA0822E372966008E8A26 /* LaunchScreen.storyboard */,
				84DCA0852E372966008E8A26 /* Info.plist */,
				84DCA0862E372966008E8A26 /* main.m */,
			);
			path = FBExampleObjc;
			sourceTree = "<group>";
		};
		84DCA0B82E37461F008E8A26 /* Frameworks */ = {
			isa = PBXGroup;
			children = (
				844A240B2EB39C5D005F3533 /* Facebetter.framework */,
			);
			name = Frameworks;
			sourceTree = "<group>";
		};
		84ECE54F2EBA090A0062EBE0 /* Icons */ = {
			isa = PBXGroup;
			children = (
				84ECE5142EBA09050062EBE0 /* back_preset.png */,
				84ECE5122EBA09050062EBE0 /* beautycard2.png */,
				84ECE5152EBA09050062EBE0 /* beautycard3.png */,
				84ECE5182EBA09050062EBE0 /* before_after.png */,
				84ECE50C2EBA09050062EBE0 /* blur.png */,
				84ECE51B2EBA09050062EBE0 /* camera.png */,
				84ECE51D2EBA09050062EBE0 /* camera2.png */,
				84ECE5112EBA09050062EBE0 /* camera3.png */,
				84ECE5272EBA09050062EBE0 /* close.png */,
				84ECE51C2EBA09050062EBE0 /* disable.png */,
				84ECE5092EBA09050062EBE0 /* fengge.png */,
				84ECE5202EBA09050062EBE0 /* gallery.png */,
				84ECE5212EBA09050062EBE0 /* header.png */,
				84ECE50E2EBA09050062EBE0 /* huanfase.png */,
				84ECE50B2EBA09050062EBE0 /* huazhitiaozheng2.png */,
				84ECE50A2EBA09050062EBE0 /* huazhitiaozheng3.png */,
				84ECE5242EBA09050062EBE0 /* lvjing.png */,
				84ECE51A2EBA09050062EBE0 /* lvmukoutu.png */,
				84ECE5262EBA09050062EBE0 /* meiti.png */,
				84ECE5222EBA09050062EBE0 /* meixing.png */,
				84ECE5292EBA09060062EBE0 /* meixing2.png */,
				84ECE51F2EBA09050062EBE0 /* meiyan.png */,
				84ECE5252EBA09050062EBE0 /* meiyan2.png */,
				84ECE50D2EBA09050062EBE0 /* meizhuang.png */,
				84ECE52A2EBA09060062EBE0 /* meizhuang2.png */,
				84ECE5232EBA09050062EBE0 /* menu.png */,
				84ECE5102EBA09050062EBE0 /* more.png */,
				84ECE51E2EBA09050062EBE0 /* renlianjiance.png */,
				842664572EDB29800016D46A /* demo.png */,
				84ECE5132EBA09050062EBE0 /* reset.png */,
				84ECE5162EBA09050062EBE0 /* setting.png */,
				84ECE5282EBA09060062EBE0 /* shoushi.png */,
				84ECE5192EBA09050062EBE0 /* switchcamera.png */,
				84ECE5072EBA09050062EBE0 /* tiezhi.png */,
				84ECE50F2EBA09050062EBE0 /* tiezhi2.png */,
				84ECE5082EBA09050062EBE0 /* tiezhi3.png */,
				84ECE5172EBA09050062EBE0 /* xunibeijing.png */,
			);
			name = Icons;
			sourceTree = "<group>";
		};
/* End PBXGroup section */

/* Begin PBXNativeTarget section */
		84DCA0702E372964008E8A26 /* FBExampleObjc */ = {
			isa = PBXNativeTarget;
			buildConfigurationList = 84DCA08A2E372966008E8A26 /* Build configuration list for PBXNativeTarget "FBExampleObjc" */;
			buildPhases = (
				84DCA06D2E372964008E8A26 /* Sources */,
				84DCA06E2E372964008E8A26 /* Frameworks */,
				84DCA06F2E372964008E8A26 /* Resources */,
				842664192ED88AB60016D46A /* Embed Frameworks */,
			);
			buildRules = (
			);
			dependencies = (
				842664152ED88AA60016D46A /* PBXTargetDependency */,
			);
			name = FBExampleObjc;
			productName = FBExampleObjc;
			productReference = 84DCA0712E372964008E8A26 /* Facebetter.app */;
			productType = "com.apple.product-type.application";
		};
/* End PBXNativeTarget section */

/* Begin PBXProject section */
		84DCA0692E372964008E8A26 /* Project object */ = {
			isa = PBXProject;
			attributes = {
				BuildIndependentTargetsInParallel = 1;
				LastUpgradeCheck = 1520;
				TargetAttributes = {
					84DCA0702E372964008E8A26 = {
						CreatedOnToolsVersion = 15.2;
					};
				};
			};
			buildConfigurationList = 84DCA06C2E372964008E8A26 /* Build configuration list for PBXProject "FBExampleObjc" */;
			compatibilityVersion = "Xcode 14.0";
			developmentRegion = en;
			hasScannedForEncodings = 0;
			knownRegions = (
				en,
				Base,
			);
			mainGroup = 84DCA0682E372964008E8A26;
			productRefGroup = 84DCA0722E372964008E8A26 /* Products */;
			projectDirPath = "";
			projectReferences = (
				{
					ProductGroup = 842663E42ED88A9B0016D46A /* Products */;
					ProjectRef = 842663E32ED88A9B0016D46A /* fb.xcodeproj */;
				},
			);
			projectRoot = "";
			targets = (
				84DCA0702E372964008E8A26 /* FBExampleObjc */,
			);
		};
/* End PBXProject section */

/* Begin PBXReferenceProxy section */
		842663FD2ED88A9B0016D46A /* libcrypto.a */ = {
			isa = PBXReferenceProxy;
			fileType = archive.ar;
			path = libcrypto.a;
			remoteRef = 842663FC2ED88A9B0016D46A /* PBXContainerItemProxy */;
			sourceTree = BUILT_PRODUCTS_DIR;
		};
		842663FF2ED88A9B0016D46A /* Facebetter.framework/Facebetter */ = {
			isa = PBXReferenceProxy;
			fileType = wrapper.framework;
			name = Facebetter.framework/Facebetter;
			path = Facebetter.framework;
			remoteRef = 842663FE2ED88A9B0016D46A /* PBXContainerItemProxy */;
			sourceTree = BUILT_PRODUCTS_DIR;
		};
		842664012ED88A9B0016D46A /* libgmock.a */ = {
			isa = PBXReferenceProxy;
			fileType = archive.ar;
			path = libgmock.a;
			remoteRef = 842664002ED88A9B0016D46A /* PBXContainerItemProxy */;
			sourceTree = BUILT_PRODUCTS_DIR;
		};
		842664032ED88A9B0016D46A /* libgmock_main.a */ = {
			isa = PBXReferenceProxy;
			fileType = archive.ar;
			path = libgmock_main.a;
			remoteRef = 842664022ED88A9B0016D46A /* PBXContainerItemProxy */;
			sourceTree = BUILT_PRODUCTS_DIR;
		};
		842664052ED88A9B0016D46A /* libgpupixel.a */ = {
			isa = PBXReferenceProxy;
			fileType = archive.ar;
			path = libgpupixel.a;
			remoteRef = 842664042ED88A9B0016D46A /* PBXContainerItemProxy */;
			sourceTree = BUILT_PRODUCTS_DIR;
		};
		842664072ED88A9B0016D46A /* libgtest.a */ = {
			isa = PBXReferenceProxy;
			fileType = archive.ar;
			path = libgtest.a;
			remoteRef = 842664062ED88A9B0016D46A /* PBXContainerItemProxy */;
			sourceTree = BUILT_PRODUCTS_DIR;
		};
		842664092ED88A9B0016D46A /* libgtest_main.a */ = {
			isa = PBXReferenceProxy;
			fileType = archive.ar;
			path = libgtest_main.a;
			remoteRef = 842664082ED88A9B0016D46A /* PBXContainerItemProxy */;
			sourceTree = BUILT_PRODUCTS_DIR;
		};
		8426640B2ED88A9B0016D46A /* libmars_vision.a */ = {
			isa = PBXReferenceProxy;
			fileType = archive.ar;
			path = libmars_vision.a;
			remoteRef = 8426640A2ED88A9B0016D46A /* PBXContainerItemProxy */;
			sourceTree = BUILT_PRODUCTS_DIR;
		};
		8426640D2ED88A9B0016D46A /* libspdlogd.a */ = {
			isa = PBXReferenceProxy;
			fileType = archive.ar;
			path = libspdlogd.a;
			remoteRef = 8426640C2ED88A9B0016D46A /* PBXContainerItemProxy */;
			sourceTree = BUILT_PRODUCTS_DIR;
		};
		8426640F2ED88A9B0016D46A /* libssl.a */ = {
			isa = PBXReferenceProxy;
			fileType = archive.ar;
			path = libssl.a;
			remoteRef = 8426640E2ED88A9B0016D46A /* PBXContainerItemProxy */;
			sourceTree = BUILT_PRODUCTS_DIR;
		};
		842664112ED88A9B0016D46A /* libyuv.a */ = {
			isa = PBXReferenceProxy;
			fileType = archive.ar;
			path = libyuv.a;
			remoteRef = 842664102ED88A9B0016D46A /* PBXContainerItemProxy */;
			sourceTree = BUILT_PRODUCTS_DIR;
		};
		842664132ED88A9B0016D46A /* libzip.a */ = {
			isa = PBXReferenceProxy;
			fileType = archive.ar;
			path = libzip.a;
			remoteRef = 842664122ED88A9B0016D46A /* PBXContainerItemProxy */;
			sourceTree = BUILT_PRODUCTS_DIR;
		};
/* End PBXReferenceProxy section */

/* Begin PBXResourcesBuildPhase section */
		84DCA06F2E372964008E8A26 /* Resources */ = {
			isa = PBXResourcesBuildPhase;
			buildActionMask = 2147483647;
			files = (
				84DCA0842E372966008E8A26 /* LaunchScreen.storyboard in Resources */,
				84DCA0812E372966008E8A26 /* Assets.xcassets in Resources */,
				84DCA07F2E372964008E8A26 /* Main.storyboard in Resources */,
				84ECE52B2EBA09060062EBE0 /* tiezhi.png in Resources */,
				84ECE52C2EBA09060062EBE0 /* tiezhi3.png in Resources */,
				84ECE52D2EBA09060062EBE0 /* fengge.png in Resources */,
				84ECE52E2EBA09060062EBE0 /* huazhitiaozheng3.png in Resources */,
				84ECE52F2EBA09060062EBE0 /* huazhitiaozheng2.png in Resources */,
				84ECE5302EBA09060062EBE0 /* blur.png in Resources */,
				84ECE5312EBA09060062EBE0 /* meizhuang.png in Resources */,
				84ECE5322EBA09060062EBE0 /* huanfase.png in Resources */,
				84ECE5332EBA09060062EBE0 /* tiezhi2.png in Resources */,
				84ECE5342EBA09060062EBE0 /* more.png in Resources */,
				84ECE5352EBA09060062EBE0 /* camera3.png in Resources */,
				84ECE5362EBA09060062EBE0 /* beautycard2.png in Resources */,
				84ECE5372EBA09060062EBE0 /* reset.png in Resources */,
				842664692EDB29800016D46A /* demo.png in Resources */,
				84ECE5382EBA09060062EBE0 /* back_preset.png in Resources */,
				84ECE5392EBA09060062EBE0 /* beautycard3.png in Resources */,
				84ECE53A2EBA09060062EBE0 /* setting.png in Resources */,
				84ECE53B2EBA09060062EBE0 /* xunibeijing.png in Resources */,
				84ECE53C2EBA09060062EBE0 /* before_after.png in Resources */,
				84ECE53D2EBA09060062EBE0 /* switchcamera.png in Resources */,
				84ECE53E2EBA09060062EBE0 /* lvmukoutu.png in Resources */,
				84ECE53F2EBA09060062EBE0 /* camera.png in Resources */,
				84ECE5402EBA09060062EBE0 /* disable.png in Resources */,
				84ECE5412EBA09060062EBE0 /* camera2.png in Resources */,
				84ECE5422EBA09060062EBE0 /* renlianjiance.png in Resources */,
				84ECE5432EBA09060062EBE0 /* meiyan.png in Resources */,
				84ECE5442EBA09060062EBE0 /* gallery.png in Resources */,
				84ECE5452EBA09060062EBE0 /* header.png in Resources */,
				84ECE5462EBA09060062EBE0 /* meixing.png in Resources */,
				84ECE5472EBA09060062EBE0 /* menu.png in Resources */,
				84ECE5482EBA09060062EBE0 /* lvjing.png in Resources */,
				84ECE5492EBA09060062EBE0 /* meiyan2.png in Resources */,
				84ECE54A2EBA09060062EBE0 /* meiti.png in Resources */,
				84ECE54B2EBA09060062EBE0 /* close.png in Resources */,
				84ECE54C2EBA09060062EBE0 /* shoushi.png in Resources */,
				84ECE54D2EBA09060062EBE0 /* meixing2.png in Resources */,
				84ECE54E2EBA09060062EBE0 /* meizhuang2.png in Resources */,
			);
			runOnlyForDeploymentPostprocessing = 0;
		};
/* End PBXResourcesBuildPhase section */

/* Begin PBXSourcesBuildPhase section */
		84DCA06D2E372964008E8A26 /* Sources */ = {
			isa = PBXSourcesBuildPhase;
			buildActionMask = 2147483647;
			files = (
				846E18DD2E6EDF8A00D3B53C /* BeautyPanelViewController.m in Sources */,
				84DCA0762E372964008E8A26 /* AppDelegate.m in Sources */,
				84DCA0872E372966008E8A26 /* main.m in Sources */,
				844A23D62EB3630D005F3533 /* GLRGBARenderView.m in Sources */,
				84DCA0792E372964008E8A26 /* SceneDelegate.m in Sources */,
				84ECE4BC2EB9FE400062EBE0 /* CameraViewController.m in Sources */,
				842663E22ED8876C0016D46A /* ExternalTextureViewController.m in Sources */,
				8426644D2EDA85D10016D46A /* GLTextureRenderView.m in Sources */,
				84DCA0AF2E372CE8008E8A26 /* CameraManager.m in Sources */,
				84ECE4BD2EB9FE400062EBE0 /* HomeViewController.m in Sources */,
			);
			runOnlyForDeploymentPostprocessing = 0;
		};
/* End PBXSourcesBuildPhase section */

/* Begin PBXTargetDependency section */
		842664152ED88AA60016D46A /* PBXTargetDependency */ = {
			isa = PBXTargetDependency;
			name = facebetter;
			targetProxy = 842664142ED88AA60016D46A /* PBXContainerItemProxy */;
		};
/* End PBXTargetDependency section */

/* Begin PBXVariantGroup section */
		84DCA07D2E372964008E8A26 /* Main.storyboard */ = {
			isa = PBXVariantGroup;
			children = (
				84DCA07E2E372964008E8A26 /* Base */,
			);
			name = Main.storyboard;
			sourceTree = "<group>";
		};
		84DCA0822E372966008E8A26 /* LaunchScreen.storyboard */ = {
			isa = PBXVariantGroup;
			children = (
				84DCA0832E372966008E8A26 /* Base */,
			);
			name = LaunchScreen.storyboard;
			sourceTree = "<group>";
		};
/* End PBXVariantGroup section */

/* Begin XCBuildConfiguration section */
		84DCA0882E372966008E8A26 /* Debug */ = {
			isa = XCBuildConfiguration;
			buildSettings = {
				ALWAYS_SEARCH_USER_PATHS = NO;
				ASSETCATALOG_COMPILER_GENERATE_SWIFT_ASSET_SYMBOL_EXTENSIONS = YES;
				CLANG_ANALYZER_NONNULL = YES;
				CLANG_ANALYZER_NUMBER_OBJECT_CONVERSION = YES_AGGRESSIVE;
				CLANG_CXX_LANGUAGE_STANDARD = "gnu++20";
				CLANG_ENABLE_MODULES = YES;
				CLANG_ENABLE_OBJC_ARC = YES;
				CLANG_ENABLE_OBJC_WEAK = YES;
				CLANG_WARN_BLOCK_CAPTURE_AUTORELEASING = YES;
				CLANG_WARN_BOOL_CONVERSION = YES;
				CLANG_WARN_COMMA = YES;
				CLANG_WARN_CONSTANT_CONVERSION = YES;
				CLANG_WARN_DEPRECATED_OBJC_IMPLEMENTATIONS = YES;
				CLANG_WARN_DIRECT_OBJC_ISA_USAGE = YES_ERROR;
				CLANG_WARN_DOCUMENTATION_COMMENTS = YES;
				CLANG_WARN_EMPTY_BODY = YES;
				CLANG_WARN_ENUM_CONVERSION = YES;
				CLANG_WARN_INFINITE_RECURSION = YES;
				CLANG_WARN_INT_CONVERSION = YES;
				CLANG_WARN_NON_LITERAL_NULL_CONVERSION = YES;
				CLANG_WARN_OBJC_IMPLICIT_RETAIN_SELF = YES;
				CLANG_WARN_OBJC_LITERAL_CONVERSION = YES;
				CLANG_WARN_OBJC_ROOT_CLASS = YES_ERROR;
				CLANG_WARN_QUOTED_INCLUDE_IN_FRAMEWORK_HEADER = YES;
				CLANG_WARN_RANGE_LOOP_ANALYSIS = YES;
				CLANG_WARN_STRICT_PROTOTYPES = YES;
				CLANG_WARN_SUSPICIOUS_MOVE = YES;
				CLANG_WARN_UNGUARDED_AVAILABILITY = YES_AGGRESSIVE;
				CLANG_WARN_UNREACHABLE_CODE = YES;
				CLANG_WARN__DUPLICATE_METHOD_MATCH = YES;
				COPY_PHASE_STRIP = NO;
				DEBUG_INFORMATION_FORMAT = dwarf;
				ENABLE_STRICT_OBJC_MSGSEND = YES;
				ENABLE_TESTABILITY = YES;
				ENABLE_USER_SCRIPT_SANDBOXING = YES;
				GCC_C_LANGUAGE_STANDARD = gnu17;
				GCC_DYNAMIC_NO_PIC = NO;
				GCC_NO_COMMON_BLOCKS = YES;
				GCC_OPTIMIZATION_LEVEL = 0;
				GCC_PREPROCESSOR_DEFINITIONS = (
					"DEBUG=1",
					"$(inherited)",
				);
				GCC_WARN_64_TO_32_BIT_CONVERSION = YES;
				GCC_WARN_ABOUT_RETURN_TYPE = YES_ERROR;
				GCC_WARN_UNDECLARED_SELECTOR = YES;
				GCC_WARN_UNINITIALIZED_AUTOS = YES_AGGRESSIVE;
				GCC_WARN_UNUSED_FUNCTION = YES;
				GCC_WARN_UNUSED_VARIABLE = YES;
				IPHONEOS_DEPLOYMENT_TARGET = 17.2;
				LOCALIZATION_PREFERS_STRING_CATALOGS = YES;
				MTL_ENABLE_DEBUG_INFO = INCLUDE_SOURCE;
				MTL_FAST_MATH = YES;
				ONLY_ACTIVE_ARCH = YES;
				SDKROOT = iphoneos;
			};
			name = Debug;
		};
		84DCA0892E372966008E8A26 /* Release */ = {
			isa = XCBuildConfiguration;
			buildSettings = {
				ALWAYS_SEARCH_USER_PATHS = NO;
				ASSETCATALOG_COMPILER_GENERATE_SWIFT_ASSET_SYMBOL_EXTENSIONS = YES;
				CLANG_ANALYZER_NONNULL = YES;
				CLANG_ANALYZER_NUMBER_OBJECT_CONVERSION = YES_AGGRESSIVE;
				CLANG_CXX_LANGUAGE_STANDARD = "gnu++20";
				CLANG_ENABLE_MODULES = YES;
				CLANG_ENABLE_OBJC_ARC = YES;
				CLANG_ENABLE_OBJC_WEAK = YES;
				CLANG_WARN_BLOCK_CAPTURE_AUTORELEASING = YES;
				CLANG_WARN_BOOL_CONVERSION = YES;
				CLANG_WARN_COMMA = YES;
				CLANG_WARN_CONSTANT_CONVERSION = YES;
				CLANG_WARN_DEPRECATED_OBJC_IMPLEMENTATIONS = YES;
				CLANG_WARN_DIRECT_OBJC_ISA_USAGE = YES_ERROR;
				CLANG_WARN_DOCUMENTATION_COMMENTS = YES;
				CLANG_WARN_EMPTY_BODY = YES;
				CLANG_WARN_ENUM_CONVERSION = YES;
				CLANG_WARN_INFINITE_RECURSION = YES;
				CLANG_WARN_INT_CONVERSION = YES;
				CLANG_WARN_NON_LITERAL_NULL_CONVERSION = YES;
				CLANG_WARN_OBJC_IMPLICIT_RETAIN_SELF = YES;
				CLANG_WARN_OBJC_LITERAL_CONVERSION = YES;
				CLANG_WARN_OBJC_ROOT_CLASS = YES_ERROR;
				CLANG_WARN_QUOTED_INCLUDE_IN_FRAMEWORK_HEADER = YES;
				CLANG_WARN_RANGE_LOOP_ANALYSIS = YES;
				CLANG_WARN_STRICT_PROTOTYPES = YES;
				CLANG_WARN_SUSPICIOUS_MOVE = YES;
				CLANG_WARN_UNGUARDED_AVAILABILITY = YES_AGGRESSIVE;
				CLANG_WARN_UNREACHABLE_CODE = YES;
				CLANG_WARN__DUPLICATE_METHOD_MATCH = YES;
				COPY_PHASE_STRIP = NO;
				DEBUG_INFORMATION_FORMAT = "dwarf-with-dsym";
				ENABLE_NS_ASSERTIONS = NO;
				ENABLE_STRICT_OBJC_MSGSEND = YES;
				ENABLE_USER_SCRIPT_SANDBOXING = YES;
				GCC_C_LANGUAGE_STANDARD = gnu17;
				GCC_NO_COMMON_BLOCKS = YES;
				GCC_WARN_64_TO_32_BIT_CONVERSION = YES;
				GCC_WARN_ABOUT_RETURN_TYPE = YES_ERROR;
				GCC_WARN_UNDECLARED_SELECTOR = YES;
				GCC_WARN_UNINITIALIZED_AUTOS = YES_AGGRESSIVE;
				GCC_WARN_UNUSED_FUNCTION = YES;
				GCC_WARN_UNUSED_VARIABLE = YES;
				IPHONEOS_DEPLOYMENT_TARGET = 17.2;
				LOCALIZATION_PREFERS_STRING_CATALOGS = YES;
				MTL_ENABLE_DEBUG_INFO = NO;
				MTL_FAST_MATH = YES;
				SDKROOT = iphoneos;
				VALIDATE_PRODUCT = YES;
			};
			name = Release;
		};
		84DCA08B2E372966008E8A26 /* Debug */ = {
			isa = XCBuildConfiguration;
			buildSettings = {
				ASSETCATALOG_COMPILER_APPICON_NAME = AppIcon;
				ASSETCATALOG_COMPILER_GLOBAL_ACCENT_COLOR_NAME = AccentColor;
				CODE_SIGN_IDENTITY = "Apple Development";
				"CODE_SIGN_IDENTITY[sdk=iphoneos*]" = "iPhone Developer";
				CODE_SIGN_STYLE = Manual;
				CURRENT_PROJECT_VERSION = 1;
				DEVELOPMENT_TEAM = "";
				"DEVELOPMENT_TEAM[sdk=iphoneos*]" = HR6V4MC5N2;
				FRAMEWORK_SEARCH_PATHS = "$(PROJECT_DIR)/FBExampleObjc/libs";
				GENERATE_INFOPLIST_FILE = YES;
				INFOPLIST_FILE = FBExampleObjc/Info.plist;
				INFOPLIST_KEY_CFBundleDisplayName = Facebetter;
				INFOPLIST_KEY_LSSupportsOpeningDocumentsInPlace = YES;
				INFOPLIST_KEY_NSCameraUsageDescription = "此应用需要访问相机来进行美颜效果处理";
				INFOPLIST_KEY_NSPhotoLibraryUsageDescription = "此应用需要访问相册来保存处理后的图片";
				INFOPLIST_KEY_UIApplicationSupportsIndirectInputEvents = YES;
				INFOPLIST_KEY_UILaunchStoryboardName = LaunchScreen;
				INFOPLIST_KEY_UIMainStoryboardFile = Main;
				INFOPLIST_KEY_UISupportedInterfaceOrientations_iPad = "UIInterfaceOrientationPortrait UIInterfaceOrientationPortraitUpsideDown UIInterfaceOrientationLandscapeLeft UIInterfaceOrientationLandscapeRight";
				INFOPLIST_KEY_UISupportedInterfaceOrientations_iPhone = "UIInterfaceOrientationPortrait UIInterfaceOrientationLandscapeLeft UIInterfaceOrientationLandscapeRight";
				IPHONEOS_DEPLOYMENT_TARGET = 12.0;
				LD_RUNPATH_SEARCH_PATHS = (
					"$(inherited)",
					"@executable_path/Frameworks",
				);
				MACOSX_DEPLOYMENT_TARGET = 10.13;
				MARKETING_VERSION = 1.0;
				PRODUCT_BUNDLE_IDENTIFIER = com.nebula.FBExampleObjc;
				PRODUCT_NAME = Facebetter;
				PROVISIONING_PROFILE_SPECIFIER = "";
				"PROVISIONING_PROFILE_SPECIFIER[sdk=iphoneos*]" = "nebula-develop-profile-new";
				SWIFT_EMIT_LOC_STRINGS = YES;
				TARGETED_DEVICE_FAMILY = "1,2";
				TVOS_DEPLOYMENT_TARGET = 12.0;
				WATCHOS_DEPLOYMENT_TARGET = 7.0;
			};
			name = Debug;
		};
		84DCA08C2E372966008E8A26 /* Release */ = {
			isa = XCBuildConfiguration;
			buildSettings = {
				ASSETCATALOG_COMPILER_APPICON_NAME = AppIcon;
				ASSETCATALOG_COMPILER_GLOBAL_ACCENT_COLOR_NAME = AccentColor;
				CODE_SIGN_IDENTITY = "Apple Development";
				"CODE_SIGN_IDENTITY[sdk=iphoneos*]" = "iPhone Developer";
				CODE_SIGN_STYLE = Manual;
				CURRENT_PROJECT_VERSION = 1;
				DEVELOPMENT_TEAM = "";
				"DEVELOPMENT_TEAM[sdk=iphoneos*]" = HR6V4MC5N2;
				FRAMEWORK_SEARCH_PATHS = "$(PROJECT_DIR)/FBExampleObjc/libs";
				GENERATE_INFOPLIST_FILE = YES;
				INFOPLIST_FILE = FBExampleObjc/Info.plist;
				INFOPLIST_KEY_CFBundleDisplayName = Facebetter;
				INFOPLIST_KEY_LSSupportsOpeningDocumentsInPlace = YES;
				INFOPLIST_KEY_NSCameraUsageDescription = "此应用需要访问相机来进行美颜效果处理";
				INFOPLIST_KEY_NSPhotoLibraryUsageDescription = "此应用需要访问相册来保存处理后的图片";
				INFOPLIST_KEY_UIApplicationSupportsIndirectInputEvents = YES;
				INFOPLIST_KEY_UILaunchStoryboardName = LaunchScreen;
				INFOPLIST_KEY_UIMainStoryboardFile = Main;
				INFOPLIST_KEY_UISupportedInterfaceOrientations_iPad = "UIInterfaceOrientationPortrait UIInterfaceOrientationPortraitUpsideDown UIInterfaceOrientationLandscapeLeft UIInterfaceOrientationLandscapeRight";
				INFOPLIST_KEY_UISupportedInterfaceOrientations_iPhone = "UIInterfaceOrientationPortrait UIInterfaceOrientationLandscapeLeft UIInterfaceOrientationLandscapeRight";
				IPHONEOS_DEPLOYMENT_TARGET = 12.0;
				LD_RUNPATH_SEARCH_PATHS = (
					"$(inherited)",
					"@executable_path/Frameworks",
				);
				MACOSX_DEPLOYMENT_TARGET = 10.13;
				MARKETING_VERSION = 1.0;
				PRODUCT_BUNDLE_IDENTIFIER = com.nebula.FBExampleObjc;
				PRODUCT_NAME = Facebetter;
				PROVISIONING_PROFILE_SPECIFIER = "";
				"PROVISIONING_PROFILE_SPECIFIER[sdk=iphoneos*]" = "nebula-develop-profile-new";
				SWIFT_EMIT_LOC_STRINGS = YES;
				TARGETED_DEVICE_FAMILY = "1,2";
				TVOS_DEPLOYMENT_TARGET = 12.0;
				WATCHOS_DEPLOYMENT_TARGET = 7.0;
			};
			name = Release;
		};
/* End XCBuildConfiguration section */

/* Begin XCConfigurationList section */
		84DCA06C2E372964008E8A26 /* Build configuration list for PBXProject "FBExampleObjc" */ = {
			isa = XCConfigurationList;
			buildConfigurations = (
				84DCA0882E372966008E8A26 /* Debug */,
				84DCA0892E372966008E8A26 /* Release */,
			);
			defaultConfigurationIsVisible = 0;
			defaultConfigurationName = Release;
		};
		84DCA08A2E372966008E8A26 /* Build configuration list for PBXNativeTarget "FBExampleObjc" */ = {
			isa = XCConfigurationList;
			buildConfigurations = (
				84DCA08B2E372966008E8A26 /* Debug */,
				84DCA08C2E372966008E8A26 /* Release */,
			);
			defaultConfigurationIsVisible = 0;
			defaultConfigurationName = Release;
		};
/* End XCConfigurationList section */
	};
	rootObject = 84DCA0692E372964008E8A26 /* Project object */;
}
